// !$*UTF8*$!
{
	archiveVersion = 1;
	classes = {
	};
	objectVersion = 77;
	objects = {

/* Begin PBXBuildFile section */
		02E6D5871156E927F2A2FEDB /* SyntheticStarGridTests.swift in Sources */ = {isa = PBXBuildFile; fileRef = 6C37E0F1ABBBCBF13FD1F4A8 /* SyntheticStarGridTests.swift */; };
		05E2A826300E77490038C2A2 /* SwiftRAW.framework in Frameworks */ = {isa = PBXBuildFile; fileRef = 05E2A824300E77490038C2A2 /* SwiftRAW.framework */; };
		05E2A827300E77490038C2A2 /* SwiftRAW.framework in Embed Frameworks */ = {isa = PBXBuildFile; fileRef = 05E2A824300E77490038C2A2 /* SwiftRAW.framework */; settings = {ATTRIBUTES = (CodeSignOnCopy, RemoveHeadersOnCopy, ); }; };
		05E2A828300E77490038C2A2 /* SwiftXISF.framework in Frameworks */ = {isa = PBXBuildFile; fileRef = 05E2A825300E77490038C2A2 /* SwiftXISF.framework */; };
		05E2A829300E77490038C2A2 /* SwiftXISF.framework in Embed Frameworks */ = {isa = PBXBuildFile; fileRef = 05E2A825300E77490038C2A2 /* SwiftXISF.framework */; settings = {ATTRIBUTES = (CodeSignOnCopy, RemoveHeadersOnCopy, ); }; };
		05E974CA2FE921070078F616 /* SwiftAstro.framework in Frameworks */ = {isa = PBXBuildFile; fileRef = 05E974C02FE921070078F616 /* SwiftAstro.framework */; };
		0854ED9175F47BFF15F9A585 /* AllocationMeter.swift in Sources */ = {isa = PBXBuildFile; fileRef = B6CABA8A126E50647B6CDD80 /* AllocationMeter.swift */; };
		09B3DB4C335D49A6F9D5A3E9 /* MoonPhaseTests.swift in Sources */ = {isa = PBXBuildFile; fileRef = 76DDE518E7571A155E3CEE2E /* MoonPhaseTests.swift */; };
		0FA167776A133FB17C518E81 /* SwiftAstroBenchmarkSuite.swift in Sources */ = {isa = PBXBuildFile; fileRef = 33AE9069B66A5B47D78E13DA /* SwiftAstroBenchmarkSuite.swift */; };
		11FF4BDAFA527B62DA9EE0F3 /* TwilightEventsTests.swift in Sources */ = {isa = PBXBuildFile; fileRef = 7E959722FCC2AE7A3F65A52D /* TwilightEventsTests.swift */; };
		14AD3DD95320795D4D70DCFD /* SyntheticStarGrid.swift in Sources */ = {isa = PBXBuildFile; fileRef = 640F4CC836996C8EAB142051 /* SyntheticStarGrid.swift */; };
		1E0F08AC1507C6A05DF3F85E /* SkyBackgroundTests.swift in Sources */ = {isa = PBXBuildFile; fileRef = 7D51DA97B8E04F7BD94A77CB /* SkyBackgroundTests.swift */; };
		29E83D144B5E2D652073587C /* AllocationMeterTests.swift in Sources */ = {isa = PBXBuildFile; fileRef = E5B9B6F9A7066126333834AE /* AllocationMeterTests.swift */; };
		32E342BE5EE4254ED18D9F9F /* HorizontalCoordinateTests.swift in Sources */ = {isa = PBXBuildFile; fileRef = 6DB3ABF6FB77D64BD4AAEE9F /* HorizontalCoordinateTests.swift */; };
		337E3933CD4EC6E2A2C84C3F /* BenchmarkReportTests.swift in Sources */ = {isa = PBXBuildFile; fileRef = EC7FF77AA386CF8830E7ED9A /* BenchmarkReportTests.swift */; };
		4F80A9FFD4BE4504C9FA1E17 /* LocalBackground.swift in Sources */ = {isa = PBXBuildFile; fileRef = 4681C8D301124CD5148B2448 /* LocalBackground.swift */; };
		4FAC2D9A3824A904B4E86FD6 /* HorizontalCoordinate.swift in Sources */ = {isa = PBXBuildFile; fileRef = B85D5904EE6A384AC3F1F534 /* HorizontalCoordinate.swift */; };
		50417E11A024BEABF7EE09F8 /* Ephemeris.swift in Sources */ = {isa = PBXBuildFile; fileRef = 76BFA2150AB7F933679FC3CA /* Ephemeris.swift */; };
		51A6DBBA0BDB7C77BAFD16E9 /* Planet.swift in Sources */ = {isa = PBXBuildFile; fileRef = 53CD8B38EF112769C6C6B8EE /* Planet.swift */; };
		52E1B6372EB90205F16D4321 /* BenchmarkFrame.swift in Sources */ = {isa = PBXBuildFile; fileRef = 605E029FE081694DDF9B8991 /* BenchmarkFrame.swift */; };
		56832FF1EB5B835CD07BC122 /* BenchmarkTimingsTests.swift in Sources */ = {isa = PBXBuildFile; fileRef = DD1C99C919AB4EEF38F855AD /* BenchmarkTimingsTests.swift */; };
		5A516E0150000000000000A1 /* SignalToNoise.swift in Sources */ = {isa = PBXBuildFile; fileRef = 5A516E0150000000000000A2 /* SignalToNoise.swift */; };
		5A516E0150000000000000A4 /* SignalToNoiseTests.swift in Sources */ = {isa = PBXBuildFile; fileRef = 5A516E0150000000000000A5 /* SignalToNoiseTests.swift */; };
		5DB4B8935811029193495B03 /* BenchmarkOutput.swift in Sources */ = {isa = PBXBuildFile; fileRef = F8765385C123B33B02AF48AA /* BenchmarkOutput.swift */; };
		648EE2FA3B2A395AAD3DAD59 /* SwiftAstroBenchmarks.swift in Sources */ = {isa = PBXBuildFile; fileRef = 3DF248B9ACD91483F6C3A72E /* SwiftAstroBenchmarks.swift */; };
		6C1AF7E943563B2E1C4E400E /* EquatorialCoordinate.swift in Sources */ = {isa = PBXBuildFile; fileRef = D29E5B22F8F5BF5DB6AB5908 /* EquatorialCoordinate.swift */; };
		6CB4746B404441AD11D8FCA0 /* MatchedFilterStarDetector+BrightStars.swift in Sources */ = {isa = PBXBuildFile; fileRef = 00854DED18FECBAAF65C4BF8 /* MatchedFilterStarDetector+BrightStars.swift */; };
		70B46A1951876F1598C2881E /* SolarPositionTests.swift in Sources */ = {isa = PBXBuildFile; fileRef = 753AFF1F15A64F1BA33F6D54 /* SolarPositionTests.swift */; };
		7C438F7DED2E13527A24B0BE /* SyntheticStarField.swift in Sources */ = {isa = PBXBuildFile; fileRef = B6381522374836B9D1795FED /* SyntheticStarField.swift */; };
		7CAD6EBC417C22B2A7C836C8 /* MarkdownReport.swift in Sources */ = {isa = PBXBuildFile; fileRef = D4BFC1EE77A5631AD4074895 /* MarkdownReport.swift */; };
		82B347C3CD3C1D0E46865D65 /* SwiftAstroBenchmarkSuiteTests.swift in Sources */ = {isa = PBXBuildFile; fileRef = FDE6922865DB20E454D13DD3 /* SwiftAstroBenchmarkSuiteTests.swift */; };
		86640F2608C699B82EC997DC /* BenchmarkEnvironment.swift in Sources */ = {isa = PBXBuildFile; fileRef = 1DD6F8F470DEB1AE1C48C07C /* BenchmarkEnvironment.swift */; };
		86F394115303055729BEC022 /* BenchmarkReport.swift in Sources */ = {isa = PBXBuildFile; fileRef = 6D6159EA803406B8C437B937 /* BenchmarkReport.swift */; };
		87D9441BEB62F18501820C7F /* ErrorTests.swift in Sources */ = {isa = PBXBuildFile; fileRef = 3BB7A519F56E3BAD1E4C4B43 /* ErrorTests.swift */; };
		88AB3ECEB388F83A8BE989B6 /* SkyBackground.swift in Sources */ = {isa = PBXBuildFile; fileRef = 9C7731DCA4E1120E39F0A960 /* SkyBackground.swift */; };
		8D604805568BC397DA345F6B /* BenchmarkFrameDescriptor.swift in Sources */ = {isa = PBXBuildFile; fileRef = 67A43EC8B336424EE152B188 /* BenchmarkFrameDescriptor.swift */; };
		8D6365D502F68BC0B1ECE19D /* SolarPosition.swift in Sources */ = {isa = PBXBuildFile; fileRef = F602446866EA87E2E0229DDB /* SolarPosition.swift */; };
		8FAE86A4E7BA8A08FCEEAC6A /* EphemerisTests.swift in Sources */ = {isa = PBXBuildFile; fileRef = 4489C63A31C35183CBDAD82F /* EphemerisTests.swift */; };
		9391A7D42992E196308957EA /* AstroBenchmarkInputs.swift in Sources */ = {isa = PBXBuildFile; fileRef = 641A41645FD5F6BA368E16FF /* AstroBenchmarkInputs.swift */; };
		954CE790A4B63D459117E5E3 /* StarDetecting.swift in Sources */ = {isa = PBXBuildFile; fileRef = 65743BE21FA6DF080957A92C /* StarDetecting.swift */; };
		97A53164B9AC46B2F79C2BFF /* Star.swift in Sources */ = {isa = PBXBuildFile; fileRef = 7B96C49E375EAF3E94A7C1FB /* Star.swift */; };
		9A8A9FE03048972147C97835 /* BrightStarDetectionTests.swift in Sources */ = {isa = PBXBuildFile; fileRef = 912AD1D86B7EC6A82148CFE3 /* BrightStarDetectionTests.swift */; };
		9C50A66E4580D31F73A6B785 /* BenchmarkClockTests.swift in Sources */ = {isa = PBXBuildFile; fileRef = FC4651BE6AF8196DF83656B7 /* BenchmarkClockTests.swift */; };
		A113AF2C21AE5C48F0759059 /* BenchmarkMeasurement.swift in Sources */ = {isa = PBXBuildFile; fileRef = 1EE90CCBF02E3303DB4D4989 /* BenchmarkMeasurement.swift */; };
		A1B2C3D4E5F60718293A4B01 /* LunarPosition.swift in Sources */ = {isa = PBXBuildFile; fileRef = A1B2C3D4E5F60718293A4B02 /* LunarPosition.swift */; };
		A1B2C3D4E5F60718293A4B03 /* LunarPositionTests.swift in Sources */ = {isa = PBXBuildFile; fileRef = A1B2C3D4E5F60718293A4B04 /* LunarPositionTests.swift */; };
		A1B2C3D4E5F60718293A4B05 /* EquatorialCoordinateTests.swift in Sources */ = {isa = PBXBuildFile; fileRef = A1B2C3D4E5F60718293A4B06 /* EquatorialCoordinateTests.swift */; };
		A20000BA03275C3C3A09B6A6 /* Error.swift in Sources */ = {isa = PBXBuildFile; fileRef = 8326FC0C9068E5DF4FA1F8B3 /* Error.swift */; };
		A9928FBDE4EE2FF01EE08185 /* MarkdownReportTests.swift in Sources */ = {isa = PBXBuildFile; fileRef = 900F3CA8984069E255874701 /* MarkdownReportTests.swift */; };
		A9F72CBBEDDBF22C4ED20ED4 /* OrbitalElements.swift in Sources */ = {isa = PBXBuildFile; fileRef = EB2C10A2DDE1B1CE47B7295A /* OrbitalElements.swift */; };
		B8AC095C7789FC9F9B425980 /* TwilightEvents.swift in Sources */ = {isa = PBXBuildFile; fileRef = BD6ADE04C5B0E08E4D04DB9E /* TwilightEvents.swift */; };
		BBFC80FDF1338AF22D6ACC10 /* MoonPhase.swift in Sources */ = {isa = PBXBuildFile; fileRef = 02A382E9473FC5E63866C26F /* MoonPhase.swift */; };
		BC425A4CB51E8747D22B3610 /* BenchmarkClock.swift in Sources */ = {isa = PBXBuildFile; fileRef = 20F30E58A128A6910E700F2D /* BenchmarkClock.swift */; };
		C033721D878BBE5CC6939846 /* PlanetPositionTests.swift in Sources */ = {isa = PBXBuildFile; fileRef = 4FA0FF73C6C04C36BDDA20D8 /* PlanetPositionTests.swift */; };
		C2C1C0FDE36C8C075A2997BB /* BenchmarkOutputTests.swift in Sources */ = {isa = PBXBuildFile; fileRef = 5DBB65CE2ABA3F0689B5F2F1 /* BenchmarkOutputTests.swift */; };
		CF415E35CBCB3052F9C8BC61 /* BenchmarkRunner.swift in Sources */ = {isa = PBXBuildFile; fileRef = 7012E290AE1E9219851C22E6 /* BenchmarkRunner.swift */; };
		DCA04EAD547D910D55CC526A /* GeographicLocation.swift in Sources */ = {isa = PBXBuildFile; fileRef = F960657F02129498BDF21355 /* GeographicLocation.swift */; };
		DE06B3B427B84DB5C28B31B1 /* LocalBackgroundTests.swift in Sources */ = {isa = PBXBuildFile; fileRef = 65FC0FF7DA3FA00FC1F013D5 /* LocalBackgroundTests.swift */; };
		DEFF42CB10493A2ADDEE7A2A /* StarField.swift in Sources */ = {isa = PBXBuildFile; fileRef = B2A67A0F33BB62B9BEA97A1F /* StarField.swift */; };
		E5B576BBE05B8485FE2A9338 /* BenchmarkTimings.swift in Sources */ = {isa = PBXBuildFile; fileRef = 43D6A51E4B26E1C11A362EE1 /* BenchmarkTimings.swift */; };
		ED9EA157ABD9ECA03B09D60F /* PlanetPosition.swift in Sources */ = {isa = PBXBuildFile; fileRef = 05074AD5ABCAF428341BC88B /* PlanetPosition.swift */; };
		F7ABE1220962410D12EB161C /* AstroBenchmarkFrames.swift in Sources */ = {isa = PBXBuildFile; fileRef = AA63DC24A7B0C738B70C5B7F /* AstroBenchmarkFrames.swift */; };
		FA000000000000000000000D /* SwiftPixel.framework in Frameworks */ = {isa = PBXBuildFile; fileRef = FA0000000000000000000007 /* SwiftPixel.framework */; };
		FA000000000000000000000F /* SwiftPixel.framework in Embed Frameworks */ = {isa = PBXBuildFile; fileRef = FA0000000000000000000007 /* SwiftPixel.framework */; settings = {ATTRIBUTES = (CodeSignOnCopy, RemoveHeadersOnCopy, ); }; };
		FA0000000000000000000018 /* FITSTestImageTests.swift in Sources */ = {isa = PBXBuildFile; fileRef = FA0000000000000000000017 /* FITSTestImageTests.swift */; };
		FA000000000000000000001A /* FITSTestImage.swift in Sources */ = {isa = PBXBuildFile; fileRef = FA0000000000000000000019 /* FITSTestImage.swift */; };
		FA0000000000000000000020 /* BayerGrayscaleConverter.swift in Sources */ = {isa = PBXBuildFile; fileRef = FA000000000000000000001F /* BayerGrayscaleConverter.swift */; };
		FA0000000000000000000023 /* BayerGrayscaleConverterTests.swift in Sources */ = {isa = PBXBuildFile; fileRef = FA0000000000000000000022 /* BayerGrayscaleConverterTests.swift */; };
		FA0000000000000000000026 /* RealFrameValidationTests.swift in Sources */ = {isa = PBXBuildFile; fileRef = FA0000000000000000000025 /* RealFrameValidationTests.swift */; };
		FA0000000000000000000035 /* SwiftFITS.framework in Frameworks */ = {isa = PBXBuildFile; fileRef = FA0000000000000000000009 /* SwiftFITS.framework */; };
		FA0000000000000000000036 /* SwiftFITS.framework in Embed Frameworks */ = {isa = PBXBuildFile; fileRef = FA0000000000000000000009 /* SwiftFITS.framework */; settings = {ATTRIBUTES = (CodeSignOnCopy, RemoveHeadersOnCopy, ); }; };
		FA0000000000000000000104 /* ImageDecoding.swift in Sources */ = {isa = PBXBuildFile; fileRef = FA0000000000000000000103 /* ImageDecoding.swift */; };
		FA0000000000000000000106 /* ColorFilterArray.swift in Sources */ = {isa = PBXBuildFile; fileRef = FA0000000000000000000105 /* ColorFilterArray.swift */; };
		FA0000000000000000000108 /* FITSPropertySnapshot.swift in Sources */ = {isa = PBXBuildFile; fileRef = FA0000000000000000000107 /* FITSPropertySnapshot.swift */; };
		FA000000000000000000010A /* XISFImageProperties.swift in Sources */ = {isa = PBXBuildFile; fileRef = FA0000000000000000000109 /* XISFImageProperties.swift */; };
		FA000000000000000000010C /* RAWImageProperties.swift in Sources */ = {isa = PBXBuildFile; fileRef = FA000000000000000000010B /* RAWImageProperties.swift */; };
		FA000000000000000000010E /* BitmapImageProperties.swift in Sources */ = {isa = PBXBuildFile; fileRef = FA000000000000000000010D /* BitmapImageProperties.swift */; };
		FA0000000000000000000110 /* FITSImageFrame.swift in Sources */ = {isa = PBXBuildFile; fileRef = FA000000000000000000010F /* FITSImageFrame.swift */; };
		FA0000000000000000000112 /* FITSImageDecoder.swift in Sources */ = {isa = PBXBuildFile; fileRef = FA0000000000000000000111 /* FITSImageDecoder.swift */; };
		FA0000000000000000000114 /* XISFImageFrame.swift in Sources */ = {isa = PBXBuildFile; fileRef = FA0000000000000000000113 /* XISFImageFrame.swift */; };
		FA0000000000000000000116 /* XISFImageDecoder.swift in Sources */ = {isa = PBXBuildFile; fileRef = FA0000000000000000000115 /* XISFImageDecoder.swift */; };
		FA0000000000000000000118 /* RAWImageFrame.swift in Sources */ = {isa = PBXBuildFile; fileRef = FA0000000000000000000117 /* RAWImageFrame.swift */; };
		FA000000000000000000011A /* RAWImageDecoder.swift in Sources */ = {isa = PBXBuildFile; fileRef = FA0000000000000000000119 /* RAWImageDecoder.swift */; };
		FA000000000000000000011C /* BitmapImageFrame.swift in Sources */ = {isa = PBXBuildFile; fileRef = FA000000000000000000011B /* BitmapImageFrame.swift */; };
		FA000000000000000000011E /* BitmapImageDecoder.swift in Sources */ = {isa = PBXBuildFile; fileRef = FA000000000000000000011D /* BitmapImageDecoder.swift */; };
		FA0000000000000000000120 /* DecoderSymmetryTests.swift in Sources */ = {isa = PBXBuildFile; fileRef = FA000000000000000000011F /* DecoderSymmetryTests.swift */; };
		FA0000000000000000000131 /* CaptureFixtures.swift in Sources */ = {isa = PBXBuildFile; fileRef = FA0000000000000000000130 /* CaptureFixtures.swift */; };
		FA0000000000000000000133 /* CaptureFixturesTests.swift in Sources */ = {isa = PBXBuildFile; fileRef = FA0000000000000000000132 /* CaptureFixturesTests.swift */; };
		FA0000000000000000000150 /* FITSImageDecoderTests.swift in Sources */ = {isa = PBXBuildFile; fileRef = FA0000000000000000000151 /* FITSImageDecoderTests.swift */; };
		FA0000000000000000000153 /* XISFImageDecoderTests.swift in Sources */ = {isa = PBXBuildFile; fileRef = FA0000000000000000000152 /* XISFImageDecoderTests.swift */; };
		FA0000000000000000000155 /* RAWImageDecoderTests.swift in Sources */ = {isa = PBXBuildFile; fileRef = FA0000000000000000000154 /* RAWImageDecoderTests.swift */; };
		FA0000000000000000000157 /* BitmapImageDecoderTests.swift in Sources */ = {isa = PBXBuildFile; fileRef = FA0000000000000000000156 /* BitmapImageDecoderTests.swift */; };
		FA161376C312A18994FE2710 /* StarFieldTests.swift in Sources */ = {isa = PBXBuildFile; fileRef = C13643E128A2102A6EB107EE /* StarFieldTests.swift */; };
		FE00000000000000000000D2 /* StarMoments.swift in Sources */ = {isa = PBXBuildFile; fileRef = FE00000000000000000000D1 /* StarMoments.swift */; };
		FE00000000000000000000D4 /* StarMomentsTests.swift in Sources */ = {isa = PBXBuildFile; fileRef = FE00000000000000000000D3 /* StarMomentsTests.swift */; };
		FE00000000000000000000E2 /* GaussianFit+StarMoments.swift in Sources */ = {isa = PBXBuildFile; fileRef = FE00000000000000000000E1 /* GaussianFit+StarMoments.swift */; };
		FE00000000000000000000E4 /* GaussianFitStarMomentsTests.swift in Sources */ = {isa = PBXBuildFile; fileRef = FE00000000000000000000E3 /* GaussianFitStarMomentsTests.swift */; };
		FE00000000000000000000F2 /* MatchedFilterStarDetector.swift in Sources */ = {isa = PBXBuildFile; fileRef = FE00000000000000000000F1 /* MatchedFilterStarDetector.swift */; };
		FE00000000000000000000F4 /* MatchedFilterStarDetectorTests.swift in Sources */ = {isa = PBXBuildFile; fileRef = FE00000000000000000000F3 /* MatchedFilterStarDetectorTests.swift */; };
/* End PBXBuildFile section */

/* Begin PBXContainerItemProxy section */
		05E974CB2FE921070078F616 /* PBXContainerItemProxy */ = {
			isa = PBXContainerItemProxy;
			containerPortal = 05E974B72FE921070078F616 /* Project object */;
			proxyType = 1;
			remoteGlobalIDString = 05E974BF2FE921070078F616;
			remoteInfo = SwiftAstro;
		};
		FA0000000000000000000004 /* PBXContainerItemProxy */ = {
			isa = PBXContainerItemProxy;
			containerPortal = FA0000000000000000000001 /* SwiftPixel.xcodeproj */;
			proxyType = 2;
			remoteGlobalIDString = 05C527822DD8E36300843626;
			remoteInfo = SwiftPixel;
		};
		FA0000000000000000000006 /* PBXContainerItemProxy */ = {
			isa = PBXContainerItemProxy;
			containerPortal = FA0000000000000000000003 /* SwiftFITS.xcodeproj */;
			proxyType = 2;
			remoteGlobalIDString = 05C527822DD8E36300843626;
			remoteInfo = SwiftFITS;
		};
/* End PBXContainerItemProxy section */

/* Begin PBXCopyFilesBuildPhase section */
		FA0000000000000000000013 /* Embed Frameworks */ = {
			isa = PBXCopyFilesBuildPhase;
			buildActionMask = 2147483647;
			dstPath = "";
			dstSubfolderSpec = 10;
			files = (
				FA000000000000000000000F /* SwiftPixel.framework in Embed Frameworks */,
				FA0000000000000000000036 /* SwiftFITS.framework in Embed Frameworks */,
				05E2A829300E77490038C2A2 /* SwiftXISF.framework in Embed Frameworks */,
				05E2A827300E77490038C2A2 /* SwiftRAW.framework in Embed Frameworks */,
			);
			name = "Embed Frameworks";
			runOnlyForDeploymentPostprocessing = 0;
		};
/* End PBXCopyFilesBuildPhase section */

/* Begin PBXFileReference section */
		00854DED18FECBAAF65C4BF8 /* MatchedFilterStarDetector+BrightStars.swift */ = {isa = PBXFileReference; includeInIndex = 1; lastKnownFileType = sourcecode.swift; path = "MatchedFilterStarDetector+BrightStars.swift"; sourceTree = "<group>"; };
		02A382E9473FC5E63866C26F /* MoonPhase.swift */ = {isa = PBXFileReference; includeInIndex = 1; lastKnownFileType = sourcecode.swift; path = MoonPhase.swift; sourceTree = "<group>"; };
		05074AD5ABCAF428341BC88B /* PlanetPosition.swift */ = {isa = PBXFileReference; includeInIndex = 1; lastKnownFileType = sourcecode.swift; path = PlanetPosition.swift; sourceTree = "<group>"; };
		05E2A809300E772C0038C2A2 /* SwiftXISF.xcodeproj */ = {isa = PBXFileReference; lastKnownFileType = "wrapper.pb-project"; name = SwiftXISF.xcodeproj; path = Submodules/SwiftXISF/SwiftXISF.xcodeproj; sourceTree = "<group>"; };
		05E2A81A300E77330038C2A2 /* SwiftRAW.xcodeproj */ = {isa = PBXFileReference; lastKnownFileType = "wrapper.pb-project"; name = SwiftRAW.xcodeproj; path = Submodules/SwiftRAW/SwiftRAW.xcodeproj; sourceTree = "<group>"; };
		05E2A824300E77490038C2A2 /* SwiftRAW.framework */ = {isa = PBXFileReference; explicitFileType = wrapper.framework; path = SwiftRAW.framework; sourceTree = BUILT_PRODUCTS_DIR; };
		05E2A825300E77490038C2A2 /* SwiftXISF.framework */ = {isa = PBXFileReference; explicitFileType = wrapper.framework; path = SwiftXISF.framework; sourceTree = BUILT_PRODUCTS_DIR; };
		05E974C02FE921070078F616 /* SwiftAstro.framework */ = {isa = PBXFileReference; explicitFileType = wrapper.framework; includeInIndex = 0; path = SwiftAstro.framework; sourceTree = BUILT_PRODUCTS_DIR; };
		05E974C92FE921070078F616 /* SwiftAstroTests.xctest */ = {isa = PBXFileReference; explicitFileType = wrapper.cfbundle; includeInIndex = 0; path = SwiftAstroTests.xctest; sourceTree = BUILT_PRODUCTS_DIR; };
		05E974DC2FE922850078F616 /* CODE_OF_CONDUCT.md */ = {isa = PBXFileReference; lastKnownFileType = net.daringfireball.markdown; path = CODE_OF_CONDUCT.md; sourceTree = "<group>"; };
		05E974DD2FE922850078F616 /* LICENSE */ = {isa = PBXFileReference; lastKnownFileType = text; path = LICENSE; sourceTree = "<group>"; };
		05E974DE2FE922850078F616 /* README.md */ = {isa = PBXFileReference; lastKnownFileType = net.daringfireball.markdown; path = README.md; sourceTree = "<group>"; };
		05E974DF2FE9229C0078F616 /* FUNDING.yml */ = {isa = PBXFileReference; lastKnownFileType = text.yaml; path = FUNDING.yml; sourceTree = "<group>"; };
		05E974E12FE9229C0078F616 /* C++.xcconfig */ = {isa = PBXFileReference; lastKnownFileType = text.xcconfig; path = "C++.xcconfig"; sourceTree = "<group>"; };
		05E974E22FE9229C0078F616 /* Modules.xcconfig */ = {isa = PBXFileReference; lastKnownFileType = text.xcconfig; path = Modules.xcconfig; sourceTree = "<group>"; };
		05E974E32FE9229C0078F616 /* Objective-C.xcconfig */ = {isa = PBXFileReference; lastKnownFileType = text.xcconfig; path = "Objective-C.xcconfig"; sourceTree = "<group>"; };
		05E974E52FE9229C0078F616 /* All-Languages.xcconfig */ = {isa = PBXFileReference; lastKnownFileType = text.xcconfig; path = "All-Languages.xcconfig"; sourceTree = "<group>"; };
		05E974E62FE9229C0078F616 /* C++.xcconfig */ = {isa = PBXFileReference; lastKnownFileType = text.xcconfig; path = "C++.xcconfig"; sourceTree = "<group>"; };
		05E974E72FE9229C0078F616 /* Objective-C.xcconfig */ = {isa = PBXFileReference; lastKnownFileType = text.xcconfig; path = "Objective-C.xcconfig"; sourceTree = "<group>"; };
		05E974E82FE9229C0078F616 /* Objective-C-ARC.xcconfig */ = {isa = PBXFileReference; lastKnownFileType = text.xcconfig; path = "Objective-C-ARC.xcconfig"; sourceTree = "<group>"; };
		05E974EA2FE9229C0078F616 /* Address-Sanitizer.xcconfig */ = {isa = PBXFileReference; lastKnownFileType = text.xcconfig; path = "Address-Sanitizer.xcconfig"; sourceTree = "<group>"; };
		05E974EB2FE9229C0078F616 /* Code-Generation.xcconfig */ = {isa = PBXFileReference; lastKnownFileType = text.xcconfig; path = "Code-Generation.xcconfig"; sourceTree = "<group>"; };
		05E974EC2FE9229C0078F616 /* Language.xcconfig */ = {isa = PBXFileReference; lastKnownFileType = text.xcconfig; path = Language.xcconfig; sourceTree = "<group>"; };
		05E974ED2FE9229C0078F616 /* Preprocessing.xcconfig */ = {isa = PBXFileReference; lastKnownFileType = text.xcconfig; path = Preprocessing.xcconfig; sourceTree = "<group>"; };
		05E974EE2FE9229C0078F616 /* Undefined-Behavior-Sanitizer.xcconfig */ = {isa = PBXFileReference; lastKnownFileType = text.xcconfig; path = "Undefined-Behavior-Sanitizer.xcconfig"; sourceTree = "<group>"; };
		05E974EF2FE9229C0078F616 /* Warning-Policies.xcconfig */ = {isa = PBXFileReference; lastKnownFileType = text.xcconfig; path = "Warning-Policies.xcconfig"; sourceTree = "<group>"; };
		05E974F02FE9229C0078F616 /* Warnings.xcconfig */ = {isa = PBXFileReference; lastKnownFileType = text.xcconfig; path = Warnings.xcconfig; sourceTree = "<group>"; };
		05E974F22FE9229C0078F616 /* Analysis-Policy.xcconfig */ = {isa = PBXFileReference; lastKnownFileType = text.xcconfig; path = "Analysis-Policy.xcconfig"; sourceTree = "<group>"; };
		05E974F32FE9229C0078F616 /* Apple-APIs.xcconfig */ = {isa = PBXFileReference; lastKnownFileType = text.xcconfig; path = "Apple-APIs.xcconfig"; sourceTree = "<group>"; };
		05E974F42FE9229C0078F616 /* Generic-Issues.xcconfig */ = {isa = PBXFileReference; lastKnownFileType = text.xcconfig; path = "Generic-Issues.xcconfig"; sourceTree = "<group>"; };
		05E974F52FE9229C0078F616 /* Objective-C.xcconfig */ = {isa = PBXFileReference; lastKnownFileType = text.xcconfig; path = "Objective-C.xcconfig"; sourceTree = "<group>"; };
		05E974F62FE9229C0078F616 /* Security.xcconfig */ = {isa = PBXFileReference; lastKnownFileType = text.xcconfig; path = Security.xcconfig; sourceTree = "<group>"; };
		05E974F82FE9229C0078F616 /* Issues.xcconfig */ = {isa = PBXFileReference; lastKnownFileType = text.xcconfig; path = Issues.xcconfig; sourceTree = "<group>"; };
		05E974FA2FE9229C0078F616 /* Code-Generation.xcconfig */ = {isa = PBXFileReference; lastKnownFileType = text.xcconfig; path = "Code-Generation.xcconfig"; sourceTree = "<group>"; };
		05E974FB2FE9229C0078F616 /* General.xcconfig */ = {isa = PBXFileReference; lastKnownFileType = text.xcconfig; path = General.xcconfig; sourceTree = "<group>"; };
		05E974FC2FE9229C0078F616 /* Language.xcconfig */ = {isa = PBXFileReference; lastKnownFileType = text.xcconfig; path = Language.xcconfig; sourceTree = "<group>"; };
		05E974FD2FE9229C0078F616 /* Warnings-Policies.xcconfig */ = {isa = PBXFileReference; lastKnownFileType = text.xcconfig; path = "Warnings-Policies.xcconfig"; sourceTree = "<group>"; };
		05E974FF2FE9229C0078F616 /* Apple-LLVM.xcconfig */ = {isa = PBXFileReference; lastKnownFileType = text.xcconfig; path = "Apple-LLVM.xcconfig"; sourceTree = "<group>"; };
		05E975002FE9229C0078F616 /* Architectures.xcconfig */ = {isa = PBXFileReference; lastKnownFileType = text.xcconfig; path = Architectures.xcconfig; sourceTree = "<group>"; };
		05E975012FE9229C0078F616 /* Build-Options.xcconfig */ = {isa = PBXFileReference; lastKnownFileType = text.xcconfig; path = "Build-Options.xcconfig"; sourceTree = "<group>"; };
		05E975022FE9229C0078F616 /* Deployment.xcconfig */ = {isa = PBXFileReference; lastKnownFileType = text.xcconfig; path = Deployment.xcconfig; sourceTree = "<group>"; };
		05E975032FE9229C0078F616 /* Search-Paths.xcconfig */ = {isa = PBXFileReference; lastKnownFileType = text.xcconfig; path = "Search-Paths.xcconfig"; sourceTree = "<group>"; };
		05E975042FE9229C0078F616 /* Signing.xcconfig */ = {isa = PBXFileReference; lastKnownFileType = text.xcconfig; path = Signing.xcconfig; sourceTree = "<group>"; };
		05E975052FE9229C0078F616 /* Static-Analyzer.xcconfig */ = {isa = PBXFileReference; lastKnownFileType = text.xcconfig; path = "Static-Analyzer.xcconfig"; sourceTree = "<group>"; };
		05E975062FE9229C0078F616 /* Swift-Compiler.xcconfig */ = {isa = PBXFileReference; lastKnownFileType = text.xcconfig; path = "Swift-Compiler.xcconfig"; sourceTree = "<group>"; };
		05E975082FE9229C0078F616 /* ccache.sh */ = {isa = PBXFileReference; lastKnownFileType = text.script.sh; path = ccache.sh; sourceTree = "<group>"; };
		05E975092FE9229C0078F616 /* ccache-config.sh */ = {isa = PBXFileReference; lastKnownFileType = text.script.sh; path = "ccache-config.sh"; sourceTree = "<group>"; };
		05E9750B2FE9229C0078F616 /* .gitignore */ = {isa = PBXFileReference; lastKnownFileType = text; path = .gitignore; sourceTree = "<group>"; };
		05E9750C2FE9229C0078F616 /* CODE_OF_CONDUCT.md */ = {isa = PBXFileReference; lastKnownFileType = net.daringfireball.markdown; path = CODE_OF_CONDUCT.md; sourceTree = "<group>"; };
		05E9750D2FE9229C0078F616 /* Common.xcconfig */ = {isa = PBXFileReference; lastKnownFileType = text.xcconfig; path = Common.xcconfig; sourceTree = "<group>"; };
		05E9750E2FE9229C0078F616 /* Debug.xcconfig */ = {isa = PBXFileReference; lastKnownFileType = text.xcconfig; path = Debug.xcconfig; sourceTree = "<group>"; };
		05E9750F2FE9229C0078F616 /* Debug - ccache.xcconfig */ = {isa = PBXFileReference; lastKnownFileType = text.xcconfig; path = "Debug - ccache.xcconfig"; sourceTree = "<group>"; };
		05E975102FE9229C0078F616 /* Debug - Library.xcconfig */ = {isa = PBXFileReference; lastKnownFileType = text.xcconfig; path = "Debug - Library.xcconfig"; sourceTree = "<group>"; };
		05E975112FE9229C0078F616 /* Debug - zld.xcconfig */ = {isa = PBXFileReference; lastKnownFileType = text.xcconfig; path = "Debug - zld.xcconfig"; sourceTree = "<group>"; };
		05E975122FE9229C0078F616 /* README.md */ = {isa = PBXFileReference; lastKnownFileType = net.daringfireball.markdown; path = README.md; sourceTree = "<group>"; };
		05E975132FE9229C0078F616 /* Release.xcconfig */ = {isa = PBXFileReference; lastKnownFileType = text.xcconfig; path = Release.xcconfig; sourceTree = "<group>"; };
		05E975142FE9229C0078F616 /* Release - ccache.xcconfig */ = {isa = PBXFileReference; lastKnownFileType = text.xcconfig; path = "Release - ccache.xcconfig"; sourceTree = "<group>"; };
		05E975152FE9229C0078F616 /* Release - Library.xcconfig */ = {isa = PBXFileReference; lastKnownFileType = text.xcconfig; path = "Release - Library.xcconfig"; sourceTree = "<group>"; };
		1DD6F8F470DEB1AE1C48C07C /* BenchmarkEnvironment.swift */ = {isa = PBXFileReference; includeInIndex = 1; lastKnownFileType = sourcecode.swift; path = BenchmarkEnvironment.swift; sourceTree = "<group>"; };
		1EE90CCBF02E3303DB4D4989 /* BenchmarkMeasurement.swift */ = {isa = PBXFileReference; includeInIndex = 1; lastKnownFileType = sourcecode.swift; path = BenchmarkMeasurement.swift; sourceTree = "<group>"; };
		20F30E58A128A6910E700F2D /* BenchmarkClock.swift */ = {isa = PBXFileReference; includeInIndex = 1; lastKnownFileType = sourcecode.swift; path = BenchmarkClock.swift; sourceTree = "<group>"; };
		33AE9069B66A5B47D78E13DA /* SwiftAstroBenchmarkSuite.swift */ = {isa = PBXFileReference; includeInIndex = 1; lastKnownFileType = sourcecode.swift; path = SwiftAstroBenchmarkSuite.swift; sourceTree = "<group>"; };
		3BB7A519F56E3BAD1E4C4B43 /* ErrorTests.swift */ = {isa = PBXFileReference; includeInIndex = 1; lastKnownFileType = sourcecode.swift; path = ErrorTests.swift; sourceTree = "<group>"; };
		3DF248B9ACD91483F6C3A72E /* SwiftAstroBenchmarks.swift */ = {isa = PBXFileReference; includeInIndex = 1; lastKnownFileType = sourcecode.swift; path = SwiftAstroBenchmarks.swift; sourceTree = "<group>"; };
		43D6A51E4B26E1C11A362EE1 /* BenchmarkTimings.swift */ = {isa = PBXFileReference; includeInIndex = 1; lastKnownFileType = sourcecode.swift; path = BenchmarkTimings.swift; sourceTree = "<group>"; };
		4489C63A31C35183CBDAD82F /* EphemerisTests.swift */ = {isa = PBXFileReference; includeInIndex = 1; lastKnownFileType = sourcecode.swift; path = EphemerisTests.swift; sourceTree = "<group>"; };
		4681C8D301124CD5148B2448 /* LocalBackground.swift */ = {isa = PBXFileReference; includeInIndex = 1; lastKnownFileType = sourcecode.swift; path = LocalBackground.swift; sourceTree = "<group>"; };
		4FA0FF73C6C04C36BDDA20D8 /* PlanetPositionTests.swift */ = {isa = PBXFileReference; includeInIndex = 1; lastKnownFileType = sourcecode.swift; path = PlanetPositionTests.swift; sourceTree = "<group>"; };
		53CD8B38EF112769C6C6B8EE /* Planet.swift */ = {isa = PBXFileReference; includeInIndex = 1; lastKnownFileType = sourcecode.swift; path = Planet.swift; sourceTree = "<group>"; };
		5A516E0150000000000000A2 /* SignalToNoise.swift */ = {isa = PBXFileReference; includeInIndex = 1; lastKnownFileType = sourcecode.swift; path = SignalToNoise.swift; sourceTree = "<group>"; };
		5A516E0150000000000000A5 /* SignalToNoiseTests.swift */ = {isa = PBXFileReference; includeInIndex = 1; lastKnownFileType = sourcecode.swift; path = SignalToNoiseTests.swift; sourceTree = "<group>"; };
		5DBB65CE2ABA3F0689B5F2F1 /* BenchmarkOutputTests.swift */ = {isa = PBXFileReference; includeInIndex = 1; lastKnownFileType = sourcecode.swift; path = BenchmarkOutputTests.swift; sourceTree = "<group>"; };
		605E029FE081694DDF9B8991 /* BenchmarkFrame.swift */ = {isa = PBXFileReference; includeInIndex = 1; lastKnownFileType = sourcecode.swift; path = BenchmarkFrame.swift; sourceTree = "<group>"; };
		640F4CC836996C8EAB142051 /* SyntheticStarGrid.swift */ = {isa = PBXFileReference; includeInIndex = 1; lastKnownFileType = sourcecode.swift; path = SyntheticStarGrid.swift; sourceTree = "<group>"; };
		641A41645FD5F6BA368E16FF /* AstroBenchmarkInputs.swift */ = {isa = PBXFileReference; includeInIndex = 1; lastKnownFileType = sourcecode.swift; path = AstroBenchmarkInputs.swift; sourceTree = "<group>"; };
		65743BE21FA6DF080957A92C /* StarDetecting.swift */ = {isa = PBXFileReference; includeInIndex = 1; lastKnownFileType = sourcecode.swift; path = StarDetecting.swift; sourceTree = "<group>"; };
		65FC0FF7DA3FA00FC1F013D5 /* LocalBackgroundTests.swift */ = {isa = PBXFileReference; includeInIndex = 1; lastKnownFileType = sourcecode.swift; path = LocalBackgroundTests.swift; sourceTree = "<group>"; };
		67A43EC8B336424EE152B188 /* BenchmarkFrameDescriptor.swift */ = {isa = PBXFileReference; includeInIndex = 1; lastKnownFileType = sourcecode.swift; path = BenchmarkFrameDescriptor.swift; sourceTree = "<group>"; };
		6C37E0F1ABBBCBF13FD1F4A8 /* SyntheticStarGridTests.swift */ = {isa = PBXFileReference; includeInIndex = 1; lastKnownFileType = sourcecode.swift; path = SyntheticStarGridTests.swift; sourceTree = "<group>"; };
		6D6159EA803406B8C437B937 /* BenchmarkReport.swift */ = {isa = PBXFileReference; includeInIndex = 1; lastKnownFileType = sourcecode.swift; path = BenchmarkReport.swift; sourceTree = "<group>"; };
		6DB3ABF6FB77D64BD4AAEE9F /* HorizontalCoordinateTests.swift */ = {isa = PBXFileReference; includeInIndex = 1; lastKnownFileType = sourcecode.swift; path = HorizontalCoordinateTests.swift; sourceTree = "<group>"; };
		7012E290AE1E9219851C22E6 /* BenchmarkRunner.swift */ = {isa = PBXFileReference; includeInIndex = 1; lastKnownFileType = sourcecode.swift; path = BenchmarkRunner.swift; sourceTree = "<group>"; };
		753AFF1F15A64F1BA33F6D54 /* SolarPositionTests.swift */ = {isa = PBXFileReference; includeInIndex = 1; lastKnownFileType = sourcecode.swift; path = SolarPositionTests.swift; sourceTree = "<group>"; };
		76BFA2150AB7F933679FC3CA /* Ephemeris.swift */ = {isa = PBXFileReference; includeInIndex = 1; lastKnownFileType = sourcecode.swift; path = Ephemeris.swift; sourceTree = "<group>"; };
		76DDE518E7571A155E3CEE2E /* MoonPhaseTests.swift */ = {isa = PBXFileReference; includeInIndex = 1; lastKnownFileType = sourcecode.swift; path = MoonPhaseTests.swift; sourceTree = "<group>"; };
		7B96C49E375EAF3E94A7C1FB /* Star.swift */ = {isa = PBXFileReference; includeInIndex = 1; lastKnownFileType = sourcecode.swift; path = Star.swift; sourceTree = "<group>"; };
		7D51DA97B8E04F7BD94A77CB /* SkyBackgroundTests.swift */ = {isa = PBXFileReference; includeInIndex = 1; lastKnownFileType = sourcecode.swift; path = SkyBackgroundTests.swift; sourceTree = "<group>"; };
		7E959722FCC2AE7A3F65A52D /* TwilightEventsTests.swift */ = {isa = PBXFileReference; includeInIndex = 1; lastKnownFileType = sourcecode.swift; path = TwilightEventsTests.swift; sourceTree = "<group>"; };
		8326FC0C9068E5DF4FA1F8B3 /* Error.swift */ = {isa = PBXFileReference; includeInIndex = 1; lastKnownFileType = sourcecode.swift; path = Error.swift; sourceTree = "<group>"; };
		900F3CA8984069E255874701 /* MarkdownReportTests.swift */ = {isa = PBXFileReference; includeInIndex = 1; lastKnownFileType = sourcecode.swift; path = MarkdownReportTests.swift; sourceTree = "<group>"; };
		912AD1D86B7EC6A82148CFE3 /* BrightStarDetectionTests.swift */ = {isa = PBXFileReference; includeInIndex = 1; lastKnownFileType = sourcecode.swift; path = BrightStarDetectionTests.swift; sourceTree = "<group>"; };
		9C7731DCA4E1120E39F0A960 /* SkyBackground.swift */ = {isa = PBXFileReference; includeInIndex = 1; lastKnownFileType = sourcecode.swift; path = SkyBackground.swift; sourceTree = "<group>"; };
		A1B2C3D4E5F60718293A4B02 /* LunarPosition.swift */ = {isa = PBXFileReference; includeInIndex = 1; lastKnownFileType = sourcecode.swift; path = LunarPosition.swift; sourceTree = "<group>"; };
		A1B2C3D4E5F60718293A4B04 /* LunarPositionTests.swift */ = {isa = PBXFileReference; includeInIndex = 1; lastKnownFileType = sourcecode.swift; path = LunarPositionTests.swift; sourceTree = "<group>"; };
		A1B2C3D4E5F60718293A4B06 /* EquatorialCoordinateTests.swift */ = {isa = PBXFileReference; includeInIndex = 1; lastKnownFileType = sourcecode.swift; path = EquatorialCoordinateTests.swift; sourceTree = "<group>"; };
		AA63DC24A7B0C738B70C5B7F /* AstroBenchmarkFrames.swift */ = {isa = PBXFileReference; includeInIndex = 1; lastKnownFileType = sourcecode.swift; path = AstroBenchmarkFrames.swift; sourceTree = "<group>"; };
		B2A67A0F33BB62B9BEA97A1F /* StarField.swift */ = {isa = PBXFileReference; includeInIndex = 1; lastKnownFileType = sourcecode.swift; path = StarField.swift; sourceTree = "<group>"; };
		B6381522374836B9D1795FED /* SyntheticStarField.swift */ = {isa = PBXFileReference; includeInIndex = 1; lastKnownFileType = sourcecode.swift; path = SyntheticStarField.swift; sourceTree = "<group>"; };
		B6CABA8A126E50647B6CDD80 /* AllocationMeter.swift */ = {isa = PBXFileReference; includeInIndex = 1; lastKnownFileType = sourcecode.swift; path = AllocationMeter.swift; sourceTree = "<group>"; };
		B85D5904EE6A384AC3F1F534 /* HorizontalCoordinate.swift */ = {isa = PBXFileReference; includeInIndex = 1; lastKnownFileType = sourcecode.swift; path = HorizontalCoordinate.swift; sourceTree = "<group>"; };
		BD6ADE04C5B0E08E4D04DB9E /* TwilightEvents.swift */ = {isa = PBXFileReference; includeInIndex = 1; lastKnownFileType = sourcecode.swift; path = TwilightEvents.swift; sourceTree = "<group>"; };
		C13643E128A2102A6EB107EE /* StarFieldTests.swift */ = {isa = PBXFileReference; includeInIndex = 1; lastKnownFileType = sourcecode.swift; path = StarFieldTests.swift; sourceTree = "<group>"; };
		D29E5B22F8F5BF5DB6AB5908 /* EquatorialCoordinate.swift */ = {isa = PBXFileReference; includeInIndex = 1; lastKnownFileType = sourcecode.swift; path = EquatorialCoordinate.swift; sourceTree = "<group>"; };
		D4BFC1EE77A5631AD4074895 /* MarkdownReport.swift */ = {isa = PBXFileReference; includeInIndex = 1; lastKnownFileType = sourcecode.swift; path = MarkdownReport.swift; sourceTree = "<group>"; };
		DD1C99C919AB4EEF38F855AD /* BenchmarkTimingsTests.swift */ = {isa = PBXFileReference; includeInIndex = 1; lastKnownFileType = sourcecode.swift; path = BenchmarkTimingsTests.swift; sourceTree = "<group>"; };
		E5B9B6F9A7066126333834AE /* AllocationMeterTests.swift */ = {isa = PBXFileReference; includeInIndex = 1; lastKnownFileType = sourcecode.swift; path = AllocationMeterTests.swift; sourceTree = "<group>"; };
		EB2C10A2DDE1B1CE47B7295A /* OrbitalElements.swift */ = {isa = PBXFileReference; includeInIndex = 1; lastKnownFileType = sourcecode.swift; path = OrbitalElements.swift; sourceTree = "<group>"; };
		EC7FF77AA386CF8830E7ED9A /* BenchmarkReportTests.swift */ = {isa = PBXFileReference; includeInIndex = 1; lastKnownFileType = sourcecode.swift; path = BenchmarkReportTests.swift; sourceTree = "<group>"; };
		F602446866EA87E2E0229DDB /* SolarPosition.swift */ = {isa = PBXFileReference; includeInIndex = 1; lastKnownFileType = sourcecode.swift; path = SolarPosition.swift; sourceTree = "<group>"; };
		F8765385C123B33B02AF48AA /* BenchmarkOutput.swift */ = {isa = PBXFileReference; includeInIndex = 1; lastKnownFileType = sourcecode.swift; path = BenchmarkOutput.swift; sourceTree = "<group>"; };
		F960657F02129498BDF21355 /* GeographicLocation.swift */ = {isa = PBXFileReference; includeInIndex = 1; lastKnownFileType = sourcecode.swift; path = GeographicLocation.swift; sourceTree = "<group>"; };
		FA0000000000000000000001 /* SwiftPixel.xcodeproj */ = {isa = PBXFileReference; lastKnownFileType = "wrapper.pb-project"; name = SwiftPixel.xcodeproj; path = Submodules/SwiftPixel/SwiftPixel.xcodeproj; sourceTree = "<group>"; };
		FA0000000000000000000003 /* SwiftFITS.xcodeproj */ = {isa = PBXFileReference; lastKnownFileType = "wrapper.pb-project"; name = SwiftFITS.xcodeproj; path = Submodules/SwiftFITS/SwiftFITS.xcodeproj; sourceTree = "<group>"; };
		FA0000000000000000000014 /* 2025-03-02_21-20-31_G252_B1x1_O7_T-9.80_F_10.00s_0000_H3.69.fits */ = {isa = PBXFileReference; lastKnownFileType = text; path = "2025-03-02_21-20-31_G252_B1x1_O7_T-9.80_F_10.00s_0000_H3.69.fits"; sourceTree = "<group>"; };
		FA0000000000000000000015 /* Light_M 42_10.0s_LP_20260101-234803.fit */ = {isa = PBXFileReference; lastKnownFileType = text; path = "Light_M 42_10.0s_LP_20260101-234803.fit"; sourceTree = "<group>"; };
		FA0000000000000000000017 /* FITSTestImageTests.swift */ = {isa = PBXFileReference; includeInIndex = 1; lastKnownFileType = sourcecode.swift; path = FITSTestImageTests.swift; sourceTree = "<group>"; };
		FA0000000000000000000019 /* FITSTestImage.swift */ = {isa = PBXFileReference; includeInIndex = 1; lastKnownFileType = sourcecode.swift; path = FITSTestImage.swift; sourceTree = "<group>"; };
		FA000000000000000000001B /* m35_40min_blue.fits */ = {isa = PBXFileReference; lastKnownFileType = text; path = m35_40min_blue.fits; sourceTree = "<group>"; };
		FA000000000000000000001F /* BayerGrayscaleConverter.swift */ = {isa = PBXFileReference; includeInIndex = 1; lastKnownFileType = sourcecode.swift; path = BayerGrayscaleConverter.swift; sourceTree = "<group>"; };
		FA0000000000000000000022 /* BayerGrayscaleConverterTests.swift */ = {isa = PBXFileReference; includeInIndex = 1; lastKnownFileType = sourcecode.swift; path = BayerGrayscaleConverterTests.swift; sourceTree = "<group>"; };
		FA0000000000000000000025 /* RealFrameValidationTests.swift */ = {isa = PBXFileReference; includeInIndex = 1; lastKnownFileType = sourcecode.swift; path = RealFrameValidationTests.swift; sourceTree = "<group>"; };
		FA0000000000000000000103 /* ImageDecoding.swift */ = {isa = PBXFileReference; includeInIndex = 1; lastKnownFileType = sourcecode.swift; path = ImageDecoding.swift; sourceTree = "<group>"; };
		FA0000000000000000000105 /* ColorFilterArray.swift */ = {isa = PBXFileReference; includeInIndex = 1; lastKnownFileType = sourcecode.swift; path = ColorFilterArray.swift; sourceTree = "<group>"; };
		FA0000000000000000000107 /* FITSPropertySnapshot.swift */ = {isa = PBXFileReference; includeInIndex = 1; lastKnownFileType = sourcecode.swift; path = FITSPropertySnapshot.swift; sourceTree = "<group>"; };
		FA0000000000000000000109 /* XISFImageProperties.swift */ = {isa = PBXFileReference; includeInIndex = 1; lastKnownFileType = sourcecode.swift; path = XISFImageProperties.swift; sourceTree = "<group>"; };
		FA000000000000000000010B /* RAWImageProperties.swift */ = {isa = PBXFileReference; includeInIndex = 1; lastKnownFileType = sourcecode.swift; path = RAWImageProperties.swift; sourceTree = "<group>"; };
		FA000000000000000000010D /* BitmapImageProperties.swift */ = {isa = PBXFileReference; includeInIndex = 1; lastKnownFileType = sourcecode.swift; path = BitmapImageProperties.swift; sourceTree = "<group>"; };
		FA000000000000000000010F /* FITSImageFrame.swift */ = {isa = PBXFileReference; includeInIndex = 1; lastKnownFileType = sourcecode.swift; path = FITSImageFrame.swift; sourceTree = "<group>"; };
		FA0000000000000000000111 /* FITSImageDecoder.swift */ = {isa = PBXFileReference; includeInIndex = 1; lastKnownFileType = sourcecode.swift; path = FITSImageDecoder.swift; sourceTree = "<group>"; };
		FA0000000000000000000113 /* XISFImageFrame.swift */ = {isa = PBXFileReference; includeInIndex = 1; lastKnownFileType = sourcecode.swift; path = XISFImageFrame.swift; sourceTree = "<group>"; };
		FA0000000000000000000115 /* XISFImageDecoder.swift */ = {isa = PBXFileReference; includeInIndex = 1; lastKnownFileType = sourcecode.swift; path = XISFImageDecoder.swift; sourceTree = "<group>"; };
		FA0000000000000000000117 /* RAWImageFrame.swift */ = {isa = PBXFileReference; includeInIndex = 1; lastKnownFileType = sourcecode.swift; path = RAWImageFrame.swift; sourceTree = "<group>"; };
		FA0000000000000000000119 /* RAWImageDecoder.swift */ = {isa = PBXFileReference; includeInIndex = 1; lastKnownFileType = sourcecode.swift; path = RAWImageDecoder.swift; sourceTree = "<group>"; };
		FA000000000000000000011B /* BitmapImageFrame.swift */ = {isa = PBXFileReference; includeInIndex = 1; lastKnownFileType = sourcecode.swift; path = BitmapImageFrame.swift; sourceTree = "<group>"; };
		FA000000000000000000011D /* BitmapImageDecoder.swift */ = {isa = PBXFileReference; includeInIndex = 1; lastKnownFileType = sourcecode.swift; path = BitmapImageDecoder.swift; sourceTree = "<group>"; };
		FA000000000000000000011F /* DecoderSymmetryTests.swift */ = {isa = PBXFileReference; includeInIndex = 1; lastKnownFileType = sourcecode.swift; path = DecoderSymmetryTests.swift; sourceTree = "<group>"; };
		FA0000000000000000000130 /* CaptureFixtures.swift */ = {isa = PBXFileReference; includeInIndex = 1; lastKnownFileType = sourcecode.swift; path = CaptureFixtures.swift; sourceTree = "<group>"; };
		FA0000000000000000000132 /* CaptureFixturesTests.swift */ = {isa = PBXFileReference; includeInIndex = 1; lastKnownFileType = sourcecode.swift; path = CaptureFixturesTests.swift; sourceTree = "<group>"; };
		FA0000000000000000000140 /* C6-ASI533-M104-Final.jpg */ = {isa = PBXFileReference; lastKnownFileType = image.jpeg; path = "C6-ASI533-M104-Final.jpg"; sourceTree = "<group>"; };
		FA0000000000000000000141 /* C6-ASI533-M104-Light.fits */ = {isa = PBXFileReference; lastKnownFileType = text; path = "C6-ASI533-M104-Light.fits"; sourceTree = "<group>"; };
		FA0000000000000000000142 /* C6-ASI533-M12-Final.jpg */ = {isa = PBXFileReference; lastKnownFileType = image.jpeg; path = "C6-ASI533-M12-Final.jpg"; sourceTree = "<group>"; };
		FA0000000000000000000143 /* C6-ASI533-M12-Light.fits */ = {isa = PBXFileReference; lastKnownFileType = text; path = "C6-ASI533-M12-Light.fits"; sourceTree = "<group>"; };
		FA0000000000000000000144 /* C6-ASI585-M42-Final.jpg */ = {isa = PBXFileReference; lastKnownFileType = image.jpeg; path = "C6-ASI585-M42-Final.jpg"; sourceTree = "<group>"; };
		FA0000000000000000000145 /* C6-ASI585-M42-Light.fits */ = {isa = PBXFileReference; lastKnownFileType = text; path = "C6-ASI585-M42-Light.fits"; sourceTree = "<group>"; };
		FA0000000000000000000146 /* C6-R7-M42-Light.cr3 */ = {isa = PBXFileReference; lastKnownFileType = file; path = "C6-R7-M42-Light.cr3"; sourceTree = "<group>"; };
		FA0000000000000000000147 /* S30-M42-Corrected.xisf */ = {isa = PBXFileReference; lastKnownFileType = file; path = "S30-M42-Corrected.xisf"; sourceTree = "<group>"; };
		FA0000000000000000000148 /* S30-M42-Light.fit */ = {isa = PBXFileReference; lastKnownFileType = text; path = "S30-M42-Light.fit"; sourceTree = "<group>"; };
		FA0000000000000000000149 /* S30Pro-NGC7822-Final.jpg */ = {isa = PBXFileReference; lastKnownFileType = image.jpeg; path = "S30Pro-NGC7822-Final.jpg"; sourceTree = "<group>"; };
		FA000000000000000000014A /* S30Pro-NGC7822-Light.fit */ = {isa = PBXFileReference; lastKnownFileType = text; path = "S30Pro-NGC7822-Light.fit"; sourceTree = "<group>"; };
		FA000000000000000000014B /* S30Pro-NGC7822-Stacked.fit */ = {isa = PBXFileReference; lastKnownFileType = text; path = "S30Pro-NGC7822-Stacked.fit"; sourceTree = "<group>"; };
		FA000000000000000000014C /* S50-M33-Final.jpg */ = {isa = PBXFileReference; lastKnownFileType = image.jpeg; path = "S50-M33-Final.jpg"; sourceTree = "<group>"; };
		FA000000000000000000014D /* S50-M33-Light.fit */ = {isa = PBXFileReference; lastKnownFileType = text; path = "S50-M33-Light.fit"; sourceTree = "<group>"; };
		FA0000000000000000000151 /* FITSImageDecoderTests.swift */ = {isa = PBXFileReference; includeInIndex = 1; lastKnownFileType = sourcecode.swift; path = FITSImageDecoderTests.swift; sourceTree = "<group>"; };
		FA0000000000000000000152 /* XISFImageDecoderTests.swift */ = {isa = PBXFileReference; includeInIndex = 1; lastKnownFileType = sourcecode.swift; path = XISFImageDecoderTests.swift; sourceTree = "<group>"; };
		FA0000000000000000000154 /* RAWImageDecoderTests.swift */ = {isa = PBXFileReference; includeInIndex = 1; lastKnownFileType = sourcecode.swift; path = RAWImageDecoderTests.swift; sourceTree = "<group>"; };
		FA0000000000000000000156 /* BitmapImageDecoderTests.swift */ = {isa = PBXFileReference; includeInIndex = 1; lastKnownFileType = sourcecode.swift; path = BitmapImageDecoderTests.swift; sourceTree = "<group>"; };
		FC4651BE6AF8196DF83656B7 /* BenchmarkClockTests.swift */ = {isa = PBXFileReference; includeInIndex = 1; lastKnownFileType = sourcecode.swift; path = BenchmarkClockTests.swift; sourceTree = "<group>"; };
		FDE6922865DB20E454D13DD3 /* SwiftAstroBenchmarkSuiteTests.swift */ = {isa = PBXFileReference; includeInIndex = 1; lastKnownFileType = sourcecode.swift; path = SwiftAstroBenchmarkSuiteTests.swift; sourceTree = "<group>"; };
		FE00000000000000000000D1 /* StarMoments.swift */ = {isa = PBXFileReference; includeInIndex = 1; lastKnownFileType = sourcecode.swift; path = StarMoments.swift; sourceTree = "<group>"; };
		FE00000000000000000000D3 /* StarMomentsTests.swift */ = {isa = PBXFileReference; includeInIndex = 1; lastKnownFileType = sourcecode.swift; path = StarMomentsTests.swift; sourceTree = "<group>"; };
		FE00000000000000000000E1 /* GaussianFit+StarMoments.swift */ = {isa = PBXFileReference; includeInIndex = 1; lastKnownFileType = sourcecode.swift; path = "GaussianFit+StarMoments.swift"; sourceTree = "<group>"; };
		FE00000000000000000000E3 /* GaussianFitStarMomentsTests.swift */ = {isa = PBXFileReference; includeInIndex = 1; lastKnownFileType = sourcecode.swift; path = GaussianFitStarMomentsTests.swift; sourceTree = "<group>"; };
		FE00000000000000000000F1 /* MatchedFilterStarDetector.swift */ = {isa = PBXFileReference; includeInIndex = 1; lastKnownFileType = sourcecode.swift; path = MatchedFilterStarDetector.swift; sourceTree = "<group>"; };
		FE00000000000000000000F3 /* MatchedFilterStarDetectorTests.swift */ = {isa = PBXFileReference; includeInIndex = 1; lastKnownFileType = sourcecode.swift; path = MatchedFilterStarDetectorTests.swift; sourceTree = "<group>"; };
/* End PBXFileReference section */

/* Begin PBXFrameworksBuildPhase section */
		05E974BD2FE921070078F616 /* Frameworks */ = {
			isa = PBXFrameworksBuildPhase;
			buildActionMask = 2147483647;
			files = (
				FA000000000000000000000D /* SwiftPixel.framework in Frameworks */,
				FA0000000000000000000035 /* SwiftFITS.framework in Frameworks */,
				05E2A828300E77490038C2A2 /* SwiftXISF.framework in Frameworks */,
				05E2A826300E77490038C2A2 /* SwiftRAW.framework in Frameworks */,
			);
			runOnlyForDeploymentPostprocessing = 0;
		};
		05E974C62FE921070078F616 /* Frameworks */ = {
			isa = PBXFrameworksBuildPhase;
			buildActionMask = 2147483647;
			files = (
				05E974CA2FE921070078F616 /* SwiftAstro.framework in Frameworks */,
			);
			runOnlyForDeploymentPostprocessing = 0;
		};
/* End PBXFrameworksBuildPhase section */

/* Begin PBXGroup section */
		05E2A823300E77490038C2A2 /* Frameworks */ = {
			isa = PBXGroup;
			children = (
				05E2A824300E77490038C2A2 /* SwiftRAW.framework */,
				05E2A825300E77490038C2A2 /* SwiftXISF.framework */,
			);
			name = Frameworks;
			sourceTree = "<group>";
		};
		05E2A832300E77B40038C2A2 /* Products */ = {
			isa = PBXGroup;
			children = (
			);
			name = Products;
			sourceTree = "<group>";
		};
		05E2A834300E77B40038C2A2 /* Products */ = {
			isa = PBXGroup;
			children = (
			);
			name = Products;
			sourceTree = "<group>";
		};
		05E974B62FE921070078F616 = {
			isa = PBXGroup;
			children = (
				05E974DE2FE922850078F616 /* README.md */,
				05E974DD2FE922850078F616 /* LICENSE */,
				05E974DC2FE922850078F616 /* CODE_OF_CONDUCT.md */,
				FA0000000000000000000001 /* SwiftPixel.xcodeproj */,
				FA0000000000000000000003 /* SwiftFITS.xcodeproj */,
				05E2A809300E772C0038C2A2 /* SwiftXISF.xcodeproj */,
				05E2A81A300E77330038C2A2 /* SwiftRAW.xcodeproj */,
				05E975162FE9229C0078F616 /* xcconfig */,
				FA000000000000000000001D /* Test Files */,
				05E975182FE922A40078F616 /* SwiftAstro */,
				05E9751B2FE922A70078F616 /* SwiftAstroTests */,
				05E2A823300E77490038C2A2 /* Frameworks */,
				05E974C12FE921070078F616 /* Products */,
			);
			sourceTree = "<group>";
		};
		05E974C12FE921070078F616 /* Products */ = {
			isa = PBXGroup;
			children = (
				05E974C02FE921070078F616 /* SwiftAstro.framework */,
				05E974C92FE921070078F616 /* SwiftAstroTests.xctest */,
			);
			name = Products;
			sourceTree = "<group>";
		};
		05E974E02FE9229C0078F616 /* .github */ = {
			isa = PBXGroup;
			children = (
				05E974DF2FE9229C0078F616 /* FUNDING.yml */,
			);
			path = .github;
			sourceTree = "<group>";
		};
		05E974E42FE9229C0078F616 /* Language */ = {
			isa = PBXGroup;
			children = (
				05E974E12FE9229C0078F616 /* C++.xcconfig */,
				05E974E22FE9229C0078F616 /* Modules.xcconfig */,
				05E974E32FE9229C0078F616 /* Objective-C.xcconfig */,
			);
			path = Language;
			sourceTree = "<group>";
		};
		05E974E92FE9229C0078F616 /* Warnings */ = {
			isa = PBXGroup;
			children = (
				05E974E52FE9229C0078F616 /* All-Languages.xcconfig */,
				05E974E62FE9229C0078F616 /* C++.xcconfig */,
				05E974E72FE9229C0078F616 /* Objective-C.xcconfig */,
				05E974E82FE9229C0078F616 /* Objective-C-ARC.xcconfig */,
			);
			path = Warnings;
			sourceTree = "<group>";
		};
		05E974F12FE9229C0078F616 /* Apple-LLVM */ = {
			isa = PBXGroup;
			children = (
				05E974E42FE9229C0078F616 /* Language */,
				05E974E92FE9229C0078F616 /* Warnings */,
				05E974EA2FE9229C0078F616 /* Address-Sanitizer.xcconfig */,
				05E974EB2FE9229C0078F616 /* Code-Generation.xcconfig */,
				05E974EC2FE9229C0078F616 /* Language.xcconfig */,
				05E974ED2FE9229C0078F616 /* Preprocessing.xcconfig */,
				05E974EE2FE9229C0078F616 /* Undefined-Behavior-Sanitizer.xcconfig */,
				05E974EF2FE9229C0078F616 /* Warning-Policies.xcconfig */,
				05E974F02FE9229C0078F616 /* Warnings.xcconfig */,
			);
			path = "Apple-LLVM";
			sourceTree = "<group>";
		};
		05E974F72FE9229C0078F616 /* Issues */ = {
			isa = PBXGroup;
			children = (
				05E974F22FE9229C0078F616 /* Analysis-Policy.xcconfig */,
				05E974F32FE9229C0078F616 /* Apple-APIs.xcconfig */,
				05E974F42FE9229C0078F616 /* Generic-Issues.xcconfig */,
				05E974F52FE9229C0078F616 /* Objective-C.xcconfig */,
				05E974F62FE9229C0078F616 /* Security.xcconfig */,
			);
			path = Issues;
			sourceTree = "<group>";
		};
		05E974F92FE9229C0078F616 /* Static-Analyzer */ = {
			isa = PBXGroup;
			children = (
				05E974F72FE9229C0078F616 /* Issues */,
				05E974F82FE9229C0078F616 /* Issues.xcconfig */,
			);
			path = "Static-Analyzer";
			sourceTree = "<group>";
		};
		05E974FE2FE9229C0078F616 /* Swift-Compiler */ = {
			isa = PBXGroup;
			children = (
				05E974FA2FE9229C0078F616 /* Code-Generation.xcconfig */,
				05E974FB2FE9229C0078F616 /* General.xcconfig */,
				05E974FC2FE9229C0078F616 /* Language.xcconfig */,
				05E974FD2FE9229C0078F616 /* Warnings-Policies.xcconfig */,
			);
			path = "Swift-Compiler";
			sourceTree = "<group>";
		};
		05E975072FE9229C0078F616 /* Common */ = {
			isa = PBXGroup;
			children = (
				05E974F12FE9229C0078F616 /* Apple-LLVM */,
				05E974F92FE9229C0078F616 /* Static-Analyzer */,
				05E974FE2FE9229C0078F616 /* Swift-Compiler */,
				05E974FF2FE9229C0078F616 /* Apple-LLVM.xcconfig */,
				05E975002FE9229C0078F616 /* Architectures.xcconfig */,
				05E975012FE9229C0078F616 /* Build-Options.xcconfig */,
				05E975022FE9229C0078F616 /* Deployment.xcconfig */,
				05E975032FE9229C0078F616 /* Search-Paths.xcconfig */,
				05E975042FE9229C0078F616 /* Signing.xcconfig */,
				05E975052FE9229C0078F616 /* Static-Analyzer.xcconfig */,
				05E975062FE9229C0078F616 /* Swift-Compiler.xcconfig */,
			);
			path = Common;
			sourceTree = "<group>";
		};
		05E9750A2FE9229C0078F616 /* Scripts */ = {
			isa = PBXGroup;
			children = (
				05E975082FE9229C0078F616 /* ccache.sh */,
				05E975092FE9229C0078F616 /* ccache-config.sh */,
			);
			path = Scripts;
			sourceTree = "<group>";
		};
		05E975162FE9229C0078F616 /* xcconfig */ = {
			isa = PBXGroup;
			children = (
				05E974E02FE9229C0078F616 /* .github */,
				05E975072FE9229C0078F616 /* Common */,
				05E9750A2FE9229C0078F616 /* Scripts */,
				05E9750B2FE9229C0078F616 /* .gitignore */,
				05E9750C2FE9229C0078F616 /* CODE_OF_CONDUCT.md */,
				05E9750D2FE9229C0078F616 /* Common.xcconfig */,
				05E9750E2FE9229C0078F616 /* Debug.xcconfig */,
				05E9750F2FE9229C0078F616 /* Debug - ccache.xcconfig */,
				05E975102FE9229C0078F616 /* Debug - Library.xcconfig */,
				05E975112FE9229C0078F616 /* Debug - zld.xcconfig */,
				05E975122FE9229C0078F616 /* README.md */,
				05E975132FE9229C0078F616 /* Release.xcconfig */,
				05E975142FE9229C0078F616 /* Release - ccache.xcconfig */,
				05E975152FE9229C0078F616 /* Release - Library.xcconfig */,
			);
			name = xcconfig;
			path = Submodules/xcconfig;
			sourceTree = "<group>";
		};
		05E975182FE922A40078F616 /* SwiftAstro */ = {
			isa = PBXGroup;
			children = (
				E5EA97BD4450104EFFA59513 /* Core */,
				FA0000000000000000000021 /* Preprocessing */,
				783AF3F17116ED615E77BD9D /* StarDetection */,
				5A516E0150000000000000A3 /* SignalToNoise */,
				CF8AED74CEAB8415D0D42C4F /* Ephemeris */,
			);
			path = SwiftAstro;
			sourceTree = "<group>";
		};
		05E9751B2FE922A70078F616 /* SwiftAstroTests */ = {
			isa = PBXGroup;
			children = (
				CC796503547039EF9E719220 /* Core */,
				FA0000000000000000000024 /* Preprocessing */,
				FB1F7ED7BB6A393DC8097F16 /* StarDetection */,
				F724744C8D0BDAFB5FFFD498 /* Helpers */,
				5A516E0150000000000000A6 /* SignalToNoise */,
				14FC0C7FA45C46DA9F2A5E06 /* Ephemeris */,
				0F972D12F22699F20A8CBA76 /* Benchmarks */,
			);
			path = SwiftAstroTests;
			sourceTree = "<group>";
		};
		0F972D12F22699F20A8CBA76 /* Benchmarks */ = {
			isa = PBXGroup;
			children = (
				281C4D1FA7380BE7F638A1CC /* Core */,
				80FFFAF62938D339CE5772A0 /* CoreTests */,
				4790EBEB438BA880BEC5F47E /* Fixtures */,
				33AE9069B66A5B47D78E13DA /* SwiftAstroBenchmarkSuite.swift */,
				3DF248B9ACD91483F6C3A72E /* SwiftAstroBenchmarks.swift */,
			);
			path = Benchmarks;
			sourceTree = "<group>";
		};
		14FC0C7FA45C46DA9F2A5E06 /* Ephemeris */ = {
			isa = PBXGroup;
			children = (
				753AFF1F15A64F1BA33F6D54 /* SolarPositionTests.swift */,
				4FA0FF73C6C04C36BDDA20D8 /* PlanetPositionTests.swift */,
				A1B2C3D4E5F60718293A4B04 /* LunarPositionTests.swift */,
				A1B2C3D4E5F60718293A4B06 /* EquatorialCoordinateTests.swift */,
				7E959722FCC2AE7A3F65A52D /* TwilightEventsTests.swift */,
				76DDE518E7571A155E3CEE2E /* MoonPhaseTests.swift */,
				4489C63A31C35183CBDAD82F /* EphemerisTests.swift */,
				6DB3ABF6FB77D64BD4AAEE9F /* HorizontalCoordinateTests.swift */,
			);
			path = Ephemeris;
			sourceTree = "<group>";
		};
		281C4D1FA7380BE7F638A1CC /* Core */ = {
			isa = PBXGroup;
			children = (
				B6CABA8A126E50647B6CDD80 /* AllocationMeter.swift */,
				20F30E58A128A6910E700F2D /* BenchmarkClock.swift */,
				1DD6F8F470DEB1AE1C48C07C /* BenchmarkEnvironment.swift */,
				67A43EC8B336424EE152B188 /* BenchmarkFrameDescriptor.swift */,
				1EE90CCBF02E3303DB4D4989 /* BenchmarkMeasurement.swift */,
				F8765385C123B33B02AF48AA /* BenchmarkOutput.swift */,
				6D6159EA803406B8C437B937 /* BenchmarkReport.swift */,
				7012E290AE1E9219851C22E6 /* BenchmarkRunner.swift */,
				43D6A51E4B26E1C11A362EE1 /* BenchmarkTimings.swift */,
				D4BFC1EE77A5631AD4074895 /* MarkdownReport.swift */,
			);
			path = Core;
			sourceTree = "<group>";
		};
		4790EBEB438BA880BEC5F47E /* Fixtures */ = {
			isa = PBXGroup;
			children = (
				AA63DC24A7B0C738B70C5B7F /* AstroBenchmarkFrames.swift */,
				641A41645FD5F6BA368E16FF /* AstroBenchmarkInputs.swift */,
				605E029FE081694DDF9B8991 /* BenchmarkFrame.swift */,
			);
			path = Fixtures;
			sourceTree = "<group>";
		};
		5A516E0150000000000000A3 /* SignalToNoise */ = {
			isa = PBXGroup;
			children = (
				5A516E0150000000000000A2 /* SignalToNoise.swift */,
				9C7731DCA4E1120E39F0A960 /* SkyBackground.swift */,
				4681C8D301124CD5148B2448 /* LocalBackground.swift */,
			);
			path = SignalToNoise;
			sourceTree = "<group>";
		};
		5A516E0150000000000000A6 /* SignalToNoise */ = {
			isa = PBXGroup;
			children = (
				5A516E0150000000000000A5 /* SignalToNoiseTests.swift */,
				7D51DA97B8E04F7BD94A77CB /* SkyBackgroundTests.swift */,
				65FC0FF7DA3FA00FC1F013D5 /* LocalBackgroundTests.swift */,
			);
			path = SignalToNoise;
			sourceTree = "<group>";
		};
		783AF3F17116ED615E77BD9D /* StarDetection */ = {
			isa = PBXGroup;
			children = (
				7B96C49E375EAF3E94A7C1FB /* Star.swift */,
				B2A67A0F33BB62B9BEA97A1F /* StarField.swift */,
				65743BE21FA6DF080957A92C /* StarDetecting.swift */,
				FE00000000000000000000D1 /* StarMoments.swift */,
				FE00000000000000000000E1 /* GaussianFit+StarMoments.swift */,
				FE00000000000000000000F1 /* MatchedFilterStarDetector.swift */,
				00854DED18FECBAAF65C4BF8 /* MatchedFilterStarDetector+BrightStars.swift */,
			);
			path = StarDetection;
			sourceTree = "<group>";
		};
		80FFFAF62938D339CE5772A0 /* CoreTests */ = {
			isa = PBXGroup;
			children = (
				E5B9B6F9A7066126333834AE /* AllocationMeterTests.swift */,
				FC4651BE6AF8196DF83656B7 /* BenchmarkClockTests.swift */,
				5DBB65CE2ABA3F0689B5F2F1 /* BenchmarkOutputTests.swift */,
				EC7FF77AA386CF8830E7ED9A /* BenchmarkReportTests.swift */,
				DD1C99C919AB4EEF38F855AD /* BenchmarkTimingsTests.swift */,
				900F3CA8984069E255874701 /* MarkdownReportTests.swift */,
				FDE6922865DB20E454D13DD3 /* SwiftAstroBenchmarkSuiteTests.swift */,
			);
			path = CoreTests;
			sourceTree = "<group>";
		};
		CC796503547039EF9E719220 /* Core */ = {
			isa = PBXGroup;
			children = (
				3BB7A519F56E3BAD1E4C4B43 /* ErrorTests.swift */,
			);
			path = Core;
			sourceTree = "<group>";
		};
		CF8AED74CEAB8415D0D42C4F /* Ephemeris */ = {
			isa = PBXGroup;
			children = (
				F960657F02129498BDF21355 /* GeographicLocation.swift */,
				D29E5B22F8F5BF5DB6AB5908 /* EquatorialCoordinate.swift */,
				B85D5904EE6A384AC3F1F534 /* HorizontalCoordinate.swift */,
				76BFA2150AB7F933679FC3CA /* Ephemeris.swift */,
				EB2C10A2DDE1B1CE47B7295A /* OrbitalElements.swift */,
				F602446866EA87E2E0229DDB /* SolarPosition.swift */,
				53CD8B38EF112769C6C6B8EE /* Planet.swift */,
				05074AD5ABCAF428341BC88B /* PlanetPosition.swift */,
				A1B2C3D4E5F60718293A4B02 /* LunarPosition.swift */,
				BD6ADE04C5B0E08E4D04DB9E /* TwilightEvents.swift */,
				02A382E9473FC5E63866C26F /* MoonPhase.swift */,
			);
			path = Ephemeris;
			sourceTree = "<group>";
		};
		E5EA97BD4450104EFFA59513 /* Core */ = {
			isa = PBXGroup;
			children = (
				8326FC0C9068E5DF4FA1F8B3 /* Error.swift */,
			);
			path = Core;
			sourceTree = "<group>";
		};
		F724744C8D0BDAFB5FFFD498 /* Helpers */ = {
			isa = PBXGroup;
			children = (
				B6381522374836B9D1795FED /* SyntheticStarField.swift */,
				FA0000000000000000000019 /* FITSTestImage.swift */,
				FA0000000000000000000017 /* FITSTestImageTests.swift */,
				FA0000000000000000000130 /* CaptureFixtures.swift */,
				FA0000000000000000000132 /* CaptureFixturesTests.swift */,
				640F4CC836996C8EAB142051 /* SyntheticStarGrid.swift */,
				6C37E0F1ABBBCBF13FD1F4A8 /* SyntheticStarGridTests.swift */,
			);
			path = Helpers;
			sourceTree = "<group>";
		};
		FA000000000000000000000A /* Products */ = {
			isa = PBXGroup;
			children = (
				FA0000000000000000000007 /* SwiftPixel.framework */,
			);
			name = Products;
			sourceTree = "<group>";
		};
		FA000000000000000000000C /* Products */ = {
			isa = PBXGroup;
			children = (
				FA0000000000000000000009 /* SwiftFITS.framework */,
			);
			name = Products;
			sourceTree = "<group>";
		};
		FA000000000000000000001D /* Test Files */ = {
			isa = PBXGroup;
			children = (
				FA0000000000000000000014 /* 2025-03-02_21-20-31_G252_B1x1_O7_T-9.80_F_10.00s_0000_H3.69.fits */,
				FA0000000000000000000015 /* Light_M 42_10.0s_LP_20260101-234803.fit */,
				FA0000000000000000000140 /* C6-ASI533-M104-Final.jpg */,
				FA0000000000000000000141 /* C6-ASI533-M104-Light.fits */,
				FA0000000000000000000142 /* C6-ASI533-M12-Final.jpg */,
				FA0000000000000000000143 /* C6-ASI533-M12-Light.fits */,
				FA0000000000000000000144 /* C6-ASI585-M42-Final.jpg */,
				FA0000000000000000000145 /* C6-ASI585-M42-Light.fits */,
				FA0000000000000000000146 /* C6-R7-M42-Light.cr3 */,
				FA0000000000000000000147 /* S30-M42-Corrected.xisf */,
				FA0000000000000000000148 /* S30-M42-Light.fit */,
				FA0000000000000000000149 /* S30Pro-NGC7822-Final.jpg */,
				FA000000000000000000014A /* S30Pro-NGC7822-Light.fit */,
				FA000000000000000000014B /* S30Pro-NGC7822-Stacked.fit */,
				FA000000000000000000014C /* S50-M33-Final.jpg */,
				FA000000000000000000014D /* S50-M33-Light.fit */,
				FA000000000000000000001E /* ESA */,
			);
			path = "Test Files";
			sourceTree = "<group>";
		};
		FA000000000000000000001E /* ESA */ = {
			isa = PBXGroup;
			children = (
				FA000000000000000000001B /* m35_40min_blue.fits */,
			);
			path = ESA;
			sourceTree = "<group>";
		};
		FA0000000000000000000021 /* Preprocessing */ = {
			isa = PBXGroup;
			children = (
				FA0000000000000000000101 /* Decoding */,
				FA000000000000000000001F /* BayerGrayscaleConverter.swift */,
			);
			path = Preprocessing;
			sourceTree = "<group>";
		};
		FA0000000000000000000024 /* Preprocessing */ = {
			isa = PBXGroup;
			children = (
				FA0000000000000000000102 /* Decoding */,
				FA0000000000000000000022 /* BayerGrayscaleConverterTests.swift */,
			);
			path = Preprocessing;
			sourceTree = "<group>";
		};
		FA0000000000000000000101 /* Decoding */ = {
			isa = PBXGroup;
			children = (
				FA0000000000000000000103 /* ImageDecoding.swift */,
				FA0000000000000000000105 /* ColorFilterArray.swift */,
				FA0000000000000000000107 /* FITSPropertySnapshot.swift */,
				FA0000000000000000000109 /* XISFImageProperties.swift */,
				FA000000000000000000010B /* RAWImageProperties.swift */,
				FA000000000000000000010D /* BitmapImageProperties.swift */,
				FA000000000000000000010F /* FITSImageFrame.swift */,
				FA0000000000000000000111 /* FITSImageDecoder.swift */,
				FA0000000000000000000113 /* XISFImageFrame.swift */,
				FA0000000000000000000115 /* XISFImageDecoder.swift */,
				FA0000000000000000000117 /* RAWImageFrame.swift */,
				FA0000000000000000000119 /* RAWImageDecoder.swift */,
				FA000000000000000000011B /* BitmapImageFrame.swift */,
				FA000000000000000000011D /* BitmapImageDecoder.swift */,
			);
			path = Decoding;
			sourceTree = "<group>";
		};
		FA0000000000000000000102 /* Decoding */ = {
			isa = PBXGroup;
			children = (
				FA000000000000000000011F /* DecoderSymmetryTests.swift */,
				FA0000000000000000000151 /* FITSImageDecoderTests.swift */,
				FA0000000000000000000152 /* XISFImageDecoderTests.swift */,
				FA0000000000000000000154 /* RAWImageDecoderTests.swift */,
				FA0000000000000000000156 /* BitmapImageDecoderTests.swift */,
			);
			path = Decoding;
			sourceTree = "<group>";
		};
		FB1F7ED7BB6A393DC8097F16 /* StarDetection */ = {
			isa = PBXGroup;
			children = (
				C13643E128A2102A6EB107EE /* StarFieldTests.swift */,
				FE00000000000000000000D3 /* StarMomentsTests.swift */,
				FE00000000000000000000E3 /* GaussianFitStarMomentsTests.swift */,
				FE00000000000000000000F3 /* MatchedFilterStarDetectorTests.swift */,
				FA0000000000000000000025 /* RealFrameValidationTests.swift */,
				912AD1D86B7EC6A82148CFE3 /* BrightStarDetectionTests.swift */,
			);
			path = StarDetection;
			sourceTree = "<group>";
		};
/* End PBXGroup section */

/* Begin PBXNativeTarget section */
		05E974BF2FE921070078F616 /* SwiftAstro */ = {
			isa = PBXNativeTarget;
			buildConfigurationList = 05E974D22FE921070078F616 /* Build configuration list for PBXNativeTarget "SwiftAstro" */;
			buildPhases = (
				05E974BC2FE921070078F616 /* Sources */,
				05E974BD2FE921070078F616 /* Frameworks */,
				FA0000000000000000000013 /* Embed Frameworks */,
			);
			buildRules = (
			);
			dependencies = (
			);
			name = SwiftAstro;
			productName = SwiftAstro;
			productReference = 05E974C02FE921070078F616 /* SwiftAstro.framework */;
			productType = "com.apple.product-type.framework";
		};
		05E974C82FE921070078F616 /* SwiftAstroTests */ = {
			isa = PBXNativeTarget;
			buildConfigurationList = 05E974D52FE921070078F616 /* Build configuration list for PBXNativeTarget "SwiftAstroTests" */;
			buildPhases = (
				05E974C52FE921070078F616 /* Sources */,
				05E974C62FE921070078F616 /* Frameworks */,
			);
			buildRules = (
			);
			dependencies = (
				05E974CC2FE921070078F616 /* PBXTargetDependency */,
			);
			name = SwiftAstroTests;
			productName = SwiftAstroTests;
			productReference = 05E974C92FE921070078F616 /* SwiftAstroTests.xctest */;
			productType = "com.apple.product-type.bundle.unit-test";
		};
/* End PBXNativeTarget section */

/* Begin PBXProject section */
		05E974B72FE921070078F616 /* Project object */ = {
			isa = PBXProject;
			attributes = {
				BuildIndependentTargetsInParallel = 1;
				LastSwiftUpdateCheck = 2630;
				LastUpgradeCheck = 2650;
				TargetAttributes = {
					05E974BF2FE921070078F616 = {
						CreatedOnToolsVersion = 26.3;
					};
					05E974C82FE921070078F616 = {
						CreatedOnToolsVersion = 26.3;
					};
				};
			};
			buildConfigurationList = 05E974BA2FE921070078F616 /* Build configuration list for PBXProject "SwiftAstro" */;
			developmentRegion = en;
			hasScannedForEncodings = 0;
			knownRegions = (
				en,
				Base,
			);
			mainGroup = 05E974B62FE921070078F616;
			minimizedProjectReferenceProxies = 1;
			preferredProjectObjectVersion = 77;
			productRefGroup = 05E974C12FE921070078F616 /* Products */;
			projectDirPath = "";
			projectReferences = (
				{
					ProductGroup = FA000000000000000000000C /* Products */;
					ProjectRef = FA0000000000000000000003 /* SwiftFITS.xcodeproj */;
				},
				{
					ProductGroup = FA000000000000000000000A /* Products */;
					ProjectRef = FA0000000000000000000001 /* SwiftPixel.xcodeproj */;
				},
				{
					ProductGroup = 05E2A834300E77B40038C2A2 /* Products */;
					ProjectRef = 05E2A81A300E77330038C2A2 /* SwiftRAW.xcodeproj */;
				},
				{
					ProductGroup = 05E2A832300E77B40038C2A2 /* Products */;
					ProjectRef = 05E2A809300E772C0038C2A2 /* SwiftXISF.xcodeproj */;
				},
			);
			projectRoot = "";
			targets = (
				05E974BF2FE921070078F616 /* SwiftAstro */,
				05E974C82FE921070078F616 /* SwiftAstroTests */,
			);
		};
/* End PBXProject section */

/* Begin PBXReferenceProxy section */
		FA0000000000000000000007 /* SwiftPixel.framework */ = {
			isa = PBXReferenceProxy;
			fileType = wrapper.framework;
			path = SwiftPixel.framework;
			remoteRef = FA0000000000000000000004 /* PBXContainerItemProxy */;
			sourceTree = BUILT_PRODUCTS_DIR;
		};
		FA0000000000000000000009 /* SwiftFITS.framework */ = {
			isa = PBXReferenceProxy;
			fileType = wrapper.framework;
			path = SwiftFITS.framework;
			remoteRef = FA0000000000000000000006 /* PBXContainerItemProxy */;
			sourceTree = BUILT_PRODUCTS_DIR;
		};
/* End PBXReferenceProxy section */

/* Begin PBXSourcesBuildPhase section */
		05E974BC2FE921070078F616 /* Sources */ = {
			isa = PBXSourcesBuildPhase;
			buildActionMask = 2147483647;
			files = (
				FA0000000000000000000104 /* ImageDecoding.swift in Sources */,
				FA0000000000000000000106 /* ColorFilterArray.swift in Sources */,
				FA0000000000000000000108 /* FITSPropertySnapshot.swift in Sources */,
				FA000000000000000000010A /* XISFImageProperties.swift in Sources */,
				FA000000000000000000010C /* RAWImageProperties.swift in Sources */,
				FA000000000000000000010E /* BitmapImageProperties.swift in Sources */,
				FA0000000000000000000110 /* FITSImageFrame.swift in Sources */,
				FA0000000000000000000112 /* FITSImageDecoder.swift in Sources */,
				FA0000000000000000000114 /* XISFImageFrame.swift in Sources */,
				FA0000000000000000000116 /* XISFImageDecoder.swift in Sources */,
				FA0000000000000000000118 /* RAWImageFrame.swift in Sources */,
				FA000000000000000000011A /* RAWImageDecoder.swift in Sources */,
				FA000000000000000000011C /* BitmapImageFrame.swift in Sources */,
				FA000000000000000000011E /* BitmapImageDecoder.swift in Sources */,
				A20000BA03275C3C3A09B6A6 /* Error.swift in Sources */,
				97A53164B9AC46B2F79C2BFF /* Star.swift in Sources */,
				DEFF42CB10493A2ADDEE7A2A /* StarField.swift in Sources */,
				5A516E0150000000000000A1 /* SignalToNoise.swift in Sources */,
				954CE790A4B63D459117E5E3 /* StarDetecting.swift in Sources */,
				FE00000000000000000000D2 /* StarMoments.swift in Sources */,
				FE00000000000000000000E2 /* GaussianFit+StarMoments.swift in Sources */,
				FE00000000000000000000F2 /* MatchedFilterStarDetector.swift in Sources */,
				FA0000000000000000000020 /* BayerGrayscaleConverter.swift in Sources */,
				DCA04EAD547D910D55CC526A /* GeographicLocation.swift in Sources */,
				6C1AF7E943563B2E1C4E400E /* EquatorialCoordinate.swift in Sources */,
				4FAC2D9A3824A904B4E86FD6 /* HorizontalCoordinate.swift in Sources */,
				50417E11A024BEABF7EE09F8 /* Ephemeris.swift in Sources */,
				A9F72CBBEDDBF22C4ED20ED4 /* OrbitalElements.swift in Sources */,
				8D6365D502F68BC0B1ECE19D /* SolarPosition.swift in Sources */,
				51A6DBBA0BDB7C77BAFD16E9 /* Planet.swift in Sources */,
				ED9EA157ABD9ECA03B09D60F /* PlanetPosition.swift in Sources */,
				A1B2C3D4E5F60718293A4B01 /* LunarPosition.swift in Sources */,
				B8AC095C7789FC9F9B425980 /* TwilightEvents.swift in Sources */,
				BBFC80FDF1338AF22D6ACC10 /* MoonPhase.swift in Sources */,
				88AB3ECEB388F83A8BE989B6 /* SkyBackground.swift in Sources */,
				6CB4746B404441AD11D8FCA0 /* MatchedFilterStarDetector+BrightStars.swift in Sources */,
				4F80A9FFD4BE4504C9FA1E17 /* LocalBackground.swift in Sources */,
			);
			runOnlyForDeploymentPostprocessing = 0;
		};
		05E974C52FE921070078F616 /* Sources */ = {
			isa = PBXSourcesBuildPhase;
			buildActionMask = 2147483647;
			files = (
				FA0000000000000000000120 /* DecoderSymmetryTests.swift in Sources */,
				FA0000000000000000000150 /* FITSImageDecoderTests.swift in Sources */,
				FA0000000000000000000153 /* XISFImageDecoderTests.swift in Sources */,
				FA0000000000000000000155 /* RAWImageDecoderTests.swift in Sources */,
				FA0000000000000000000157 /* BitmapImageDecoderTests.swift in Sources */,
				FA0000000000000000000131 /* CaptureFixtures.swift in Sources */,
				FA0000000000000000000133 /* CaptureFixturesTests.swift in Sources */,
				FA161376C312A18994FE2710 /* StarFieldTests.swift in Sources */,
				5A516E0150000000000000A4 /* SignalToNoiseTests.swift in Sources */,
				FE00000000000000000000D4 /* StarMomentsTests.swift in Sources */,
				FE00000000000000000000E4 /* GaussianFitStarMomentsTests.swift in Sources */,
				FE00000000000000000000F4 /* MatchedFilterStarDetectorTests.swift in Sources */,
				FA0000000000000000000018 /* FITSTestImageTests.swift in Sources */,
				FA000000000000000000001A /* FITSTestImage.swift in Sources */,
				FA0000000000000000000023 /* BayerGrayscaleConverterTests.swift in Sources */,
				FA0000000000000000000026 /* RealFrameValidationTests.swift in Sources */,
				7C438F7DED2E13527A24B0BE /* SyntheticStarField.swift in Sources */,
				87D9441BEB62F18501820C7F /* ErrorTests.swift in Sources */,
				70B46A1951876F1598C2881E /* SolarPositionTests.swift in Sources */,
				C033721D878BBE5CC6939846 /* PlanetPositionTests.swift in Sources */,
				A1B2C3D4E5F60718293A4B03 /* LunarPositionTests.swift in Sources */,
				A1B2C3D4E5F60718293A4B05 /* EquatorialCoordinateTests.swift in Sources */,
				11FF4BDAFA527B62DA9EE0F3 /* TwilightEventsTests.swift in Sources */,
				09B3DB4C335D49A6F9D5A3E9 /* MoonPhaseTests.swift in Sources */,
				1E0F08AC1507C6A05DF3F85E /* SkyBackgroundTests.swift in Sources */,
				14AD3DD95320795D4D70DCFD /* SyntheticStarGrid.swift in Sources */,
				02E6D5871156E927F2A2FEDB /* SyntheticStarGridTests.swift in Sources */,
				9A8A9FE03048972147C97835 /* BrightStarDetectionTests.swift in Sources */,
				0854ED9175F47BFF15F9A585 /* AllocationMeter.swift in Sources */,
				BC425A4CB51E8747D22B3610 /* BenchmarkClock.swift in Sources */,
				86640F2608C699B82EC997DC /* BenchmarkEnvironment.swift in Sources */,
				8D604805568BC397DA345F6B /* BenchmarkFrameDescriptor.swift in Sources */,
				A113AF2C21AE5C48F0759059 /* BenchmarkMeasurement.swift in Sources */,
				5DB4B8935811029193495B03 /* BenchmarkOutput.swift in Sources */,
				86F394115303055729BEC022 /* BenchmarkReport.swift in Sources */,
				CF415E35CBCB3052F9C8BC61 /* BenchmarkRunner.swift in Sources */,
				E5B576BBE05B8485FE2A9338 /* BenchmarkTimings.swift in Sources */,
				7CAD6EBC417C22B2A7C836C8 /* MarkdownReport.swift in Sources */,
				29E83D144B5E2D652073587C /* AllocationMeterTests.swift in Sources */,
				9C50A66E4580D31F73A6B785 /* BenchmarkClockTests.swift in Sources */,
				C2C1C0FDE36C8C075A2997BB /* BenchmarkOutputTests.swift in Sources */,
				337E3933CD4EC6E2A2C84C3F /* BenchmarkReportTests.swift in Sources */,
				56832FF1EB5B835CD07BC122 /* BenchmarkTimingsTests.swift in Sources */,
				A9928FBDE4EE2FF01EE08185 /* MarkdownReportTests.swift in Sources */,
				82B347C3CD3C1D0E46865D65 /* SwiftAstroBenchmarkSuiteTests.swift in Sources */,
				F7ABE1220962410D12EB161C /* AstroBenchmarkFrames.swift in Sources */,
				9391A7D42992E196308957EA /* AstroBenchmarkInputs.swift in Sources */,
				52E1B6372EB90205F16D4321 /* BenchmarkFrame.swift in Sources */,
				0FA167776A133FB17C518E81 /* SwiftAstroBenchmarkSuite.swift in Sources */,
				648EE2FA3B2A395AAD3DAD59 /* SwiftAstroBenchmarks.swift in Sources */,
				8FAE86A4E7BA8A08FCEEAC6A /* EphemerisTests.swift in Sources */,
				32E342BE5EE4254ED18D9F9F /* HorizontalCoordinateTests.swift in Sources */,
				DE06B3B427B84DB5C28B31B1 /* LocalBackgroundTests.swift in Sources */,
			);
			runOnlyForDeploymentPostprocessing = 0;
		};
/* End PBXSourcesBuildPhase section */

/* Begin PBXTargetDependency section */
		05E974CC2FE921070078F616 /* PBXTargetDependency */ = {
			isa = PBXTargetDependency;
			target = 05E974BF2FE921070078F616 /* SwiftAstro */;
			targetProxy = 05E974CB2FE921070078F616 /* PBXContainerItemProxy */;
		};
/* End PBXTargetDependency section */

/* Begin XCBuildConfiguration section */
		05E974D02FE921070078F616 /* Debug */ = {
			isa = XCBuildConfiguration;
			baseConfigurationReference = 05E975102FE9229C0078F616 /* Debug - Library.xcconfig */;
			buildSettings = {
				CURRENT_PROJECT_VERSION = 1;
				LOCALIZATION_PREFERS_STRING_CATALOGS = YES;
				MACOSX_DEPLOYMENT_TARGET = 15.0;
				MARKETING_VERSION = 1.0.0;
				SWIFT_VERSION = 6.0;
				VERSIONING_SYSTEM = "apple-generic";
			};
			name = Debug;
		};
		05E974D12FE921070078F616 /* Release */ = {
			isa = XCBuildConfiguration;
			baseConfigurationReference = 05E975152FE9229C0078F616 /* Release - Library.xcconfig */;
			buildSettings = {
				CURRENT_PROJECT_VERSION = 1;
				LOCALIZATION_PREFERS_STRING_CATALOGS = YES;
				MACOSX_DEPLOYMENT_TARGET = 15.0;
				MARKETING_VERSION = 1.0.0;
				SWIFT_VERSION = 6.0;
				VERSIONING_SYSTEM = "apple-generic";
			};
			name = Release;
		};
		05E974D32FE921070078F616 /* Debug */ = {
			isa = XCBuildConfiguration;
			buildSettings = {
				DYLIB_COMPATIBILITY_VERSION = 1;
				DYLIB_CURRENT_VERSION = 1;
				DYLIB_INSTALL_NAME_BASE = "@rpath";
				GENERATE_INFOPLIST_FILE = YES;
				INFOPLIST_KEY_NSHumanReadableCopyright = "Copyright © 2025 XS-Labs. All rights reserved.";
				LD_RUNPATH_SEARCH_PATHS = (
					"$(inherited)",
					"@executable_path/../Frameworks",
					"@loader_path/Frameworks",
				);
				PRODUCT_BUNDLE_IDENTIFIER = "com.xs-labs.SwiftAstro";
				PRODUCT_NAME = "$(TARGET_NAME:c99extidentifier)";
			};
			name = Debug;
		};
		05E974D42FE921070078F616 /* Release */ = {
			isa = XCBuildConfiguration;
			buildSettings = {
				DYLIB_COMPATIBILITY_VERSION = 1;
				DYLIB_CURRENT_VERSION = 1;
				DYLIB_INSTALL_NAME_BASE = "@rpath";
				GENERATE_INFOPLIST_FILE = YES;
				INFOPLIST_KEY_NSHumanReadableCopyright = "Copyright © 2025 XS-Labs. All rights reserved.";
				LD_RUNPATH_SEARCH_PATHS = (
					"$(inherited)",
					"@executable_path/../Frameworks",
					"@loader_path/Frameworks",
				);
				PRODUCT_BUNDLE_IDENTIFIER = "com.xs-labs.SwiftAstro";
				PRODUCT_NAME = "$(TARGET_NAME:c99extidentifier)";
			};
			name = Release;
		};
		05E974D62FE921070078F616 /* Debug */ = {
			isa = XCBuildConfiguration;
			buildSettings = {
				GENERATE_INFOPLIST_FILE = YES;
				PRODUCT_BUNDLE_IDENTIFIER = "com.xs-labs.SwiftAstroTests";
				PRODUCT_NAME = "$(TARGET_NAME)";
			};
			name = Debug;
		};
		05E974D72FE921070078F616 /* Release */ = {
			isa = XCBuildConfiguration;
			buildSettings = {
				GENERATE_INFOPLIST_FILE = YES;
				PRODUCT_BUNDLE_IDENTIFIER = "com.xs-labs.SwiftAstroTests";
				PRODUCT_NAME = "$(TARGET_NAME)";
			};
			name = Release;
		};
/* End XCBuildConfiguration section */

/* Begin XCConfigurationList section */
		05E974BA2FE921070078F616 /* Build configuration list for PBXProject "SwiftAstro" */ = {
			isa = XCConfigurationList;
			buildConfigurations = (
				05E974D02FE921070078F616 /* Debug */,
				05E974D12FE921070078F616 /* Release */,
			);
			defaultConfigurationIsVisible = 0;
			defaultConfigurationName = Release;
		};
		05E974D22FE921070078F616 /* Build configuration list for PBXNativeTarget "SwiftAstro" */ = {
			isa = XCConfigurationList;
			buildConfigurations = (
				05E974D32FE921070078F616 /* Debug */,
				05E974D42FE921070078F616 /* Release */,
			);
			defaultConfigurationIsVisible = 0;
			defaultConfigurationName = Release;
		};
		05E974D52FE921070078F616 /* Build configuration list for PBXNativeTarget "SwiftAstroTests" */ = {
			isa = XCConfigurationList;
			buildConfigurations = (
				05E974D62FE921070078F616 /* Debug */,
				05E974D72FE921070078F616 /* Release */,
			);
			defaultConfigurationIsVisible = 0;
			defaultConfigurationName = Release;
		};
/* End XCConfigurationList section */
	};
	rootObject = 05E974B72FE921070078F616 /* Project object */;
}
