// !$*UTF8*$!
{
	archiveVersion = 1;
	classes = {
	};
	objectVersion = 77;
	objects = {

/* Begin PBXBuildFile section */
		FA000000000000000000000D /* SwiftPixel.framework in Frameworks */ = {isa = PBXBuildFile; fileRef = FA0000000000000000000007 /* SwiftPixel.framework */; };
		FA000000000000000000000E /* SwiftUtilities.framework in Frameworks */ = {isa = PBXBuildFile; fileRef = FA0000000000000000000008 /* SwiftUtilities.framework */; };
		FA000000000000000000000F /* SwiftPixel.framework in Embed Frameworks */ = {isa = PBXBuildFile; fileRef = FA0000000000000000000007 /* SwiftPixel.framework */; settings = {ATTRIBUTES = (CodeSignOnCopy, RemoveHeadersOnCopy, ); }; };
		FA0000000000000000000010 /* SwiftUtilities.framework in Embed Frameworks */ = {isa = PBXBuildFile; fileRef = FA0000000000000000000008 /* SwiftUtilities.framework */; settings = {ATTRIBUTES = (CodeSignOnCopy, RemoveHeadersOnCopy, ); }; };
		FA0000000000000000000011 /* SwiftFITS.framework in Frameworks */ = {isa = PBXBuildFile; fileRef = FA0000000000000000000009 /* SwiftFITS.framework */; };
		FA0000000000000000000012 /* SwiftPixel.framework in Frameworks */ = {isa = PBXBuildFile; fileRef = FA0000000000000000000007 /* SwiftPixel.framework */; };
		FA0000000000000000000016 /* 2025-03-02_21-20-31_G252_B1x1_O7_T-9.80_F_10.00s_0000_H3.69.fits in Resources */ = {isa = PBXBuildFile; fileRef = FA0000000000000000000014 /* 2025-03-02_21-20-31_G252_B1x1_O7_T-9.80_F_10.00s_0000_H3.69.fits */; };
		FA000000000000000000001C /* m35_40min_blue.fits in Resources */ = {isa = PBXBuildFile; fileRef = FA000000000000000000001B /* m35_40min_blue.fits */; };
		FA0000000000000000000020 /* BayerGrayscaleConverter.swift in Sources */ = {isa = PBXBuildFile; fileRef = FA000000000000000000001F /* BayerGrayscaleConverter.swift */; };
		FA0000000000000000000023 /* BayerGrayscaleConverterTests.swift in Sources */ = {isa = PBXBuildFile; fileRef = FA0000000000000000000022 /* BayerGrayscaleConverterTests.swift */; };
		FA0000000000000000000026 /* RealFrameValidationTests.swift in Sources */ = {isa = PBXBuildFile; fileRef = FA0000000000000000000025 /* RealFrameValidationTests.swift */; };
		FA0000000000000000000018 /* FITSTestImageTests.swift in Sources */ = {isa = PBXBuildFile; fileRef = FA0000000000000000000017 /* FITSTestImageTests.swift */; };
		FA000000000000000000001A /* FITSTestImage.swift in Sources */ = {isa = PBXBuildFile; fileRef = FA0000000000000000000019 /* FITSTestImage.swift */; };
		FA0000000000000000000031 /* FITSImageDecoder.swift in Sources */ = {isa = PBXBuildFile; fileRef = FA0000000000000000000030 /* FITSImageDecoder.swift */; };
		FA0000000000000000000035 /* SwiftFITS.framework in Frameworks */ = {isa = PBXBuildFile; fileRef = FA0000000000000000000009 /* SwiftFITS.framework */; };
		FA0000000000000000000036 /* SwiftFITS.framework in Embed Frameworks */ = {isa = PBXBuildFile; fileRef = FA0000000000000000000009 /* SwiftFITS.framework */; settings = {ATTRIBUTES = (CodeSignOnCopy, RemoveHeadersOnCopy, ); }; };
		05E974CA2FE921070078F616 /* SwiftAstro.framework in Frameworks */ = {isa = PBXBuildFile; fileRef = 05E974C02FE921070078F616 /* SwiftAstro.framework */; };
		100D436DAB1A62BB82103D10 /* StatisticsTests.swift in Sources */ = {isa = PBXBuildFile; fileRef = FDBDAE2572FCEB8B3C372D0F /* StatisticsTests.swift */; };
		1DF56742B23667B3BEAF13DD /* Statistics.swift in Sources */ = {isa = PBXBuildFile; fileRef = E5F2F5C0469CC54EA64218FB /* Statistics.swift */; };
		7C438F7DED2E13527A24B0BE /* SyntheticStarField.swift in Sources */ = {isa = PBXBuildFile; fileRef = B6381522374836B9D1795FED /* SyntheticStarField.swift */; };
		8712B4AE5A19BFD595D5F04D /* PSFStarDetector.swift in Sources */ = {isa = PBXBuildFile; fileRef = 5C193831A7D605CC81691C7F /* PSFStarDetector.swift */; };
		87D9441BEB62F18501820C7F /* ErrorTests.swift in Sources */ = {isa = PBXBuildFile; fileRef = 3BB7A519F56E3BAD1E4C4B43 /* ErrorTests.swift */; };
		954CE790A4B63D459117E5E3 /* StarDetecting.swift in Sources */ = {isa = PBXBuildFile; fileRef = 65743BE21FA6DF080957A92C /* StarDetecting.swift */; };
		97A53164B9AC46B2F79C2BFF /* Star.swift in Sources */ = {isa = PBXBuildFile; fileRef = 7B96C49E375EAF3E94A7C1FB /* Star.swift */; };
		A20000BA03275C3C3A09B6A6 /* Error.swift in Sources */ = {isa = PBXBuildFile; fileRef = 8326FC0C9068E5DF4FA1F8B3 /* Error.swift */; };
		B7ECAB765F147AC7921DF75C /* MomentStarDetector.swift in Sources */ = {isa = PBXBuildFile; fileRef = C1E89567E9D164FFEBBDCF55 /* MomentStarDetector.swift */; };
		CF833BB9FEF55B932183FE19 /* MomentStarDetectorTests.swift in Sources */ = {isa = PBXBuildFile; fileRef = 228C6E42E5167F2887BAF666 /* MomentStarDetectorTests.swift */; };
		DEFF42CB10493A2ADDEE7A2A /* StarField.swift in Sources */ = {isa = PBXBuildFile; fileRef = B2A67A0F33BB62B9BEA97A1F /* StarField.swift */; };
		DFDBCD03B303981BB42E2ABD /* PSFStarDetectorTests.swift in Sources */ = {isa = PBXBuildFile; fileRef = 1605399E95C4DCA7D1F98ACE /* PSFStarDetectorTests.swift */; };
		FA161376C312A18994FE2710 /* StarFieldTests.swift in Sources */ = {isa = PBXBuildFile; fileRef = C13643E128A2102A6EB107EE /* StarFieldTests.swift */; };
/* End PBXBuildFile section */

/* Begin PBXContainerItemProxy section */
		FA0000000000000000000004 /* PBXContainerItemProxy */ = {
			isa = PBXContainerItemProxy;
			containerPortal = FA0000000000000000000001 /* SwiftPixel.xcodeproj */;
			proxyType = 2;
			remoteGlobalIDString = 05C527822DD8E36300843626;
			remoteInfo = SwiftPixel;
		};
		FA0000000000000000000005 /* PBXContainerItemProxy */ = {
			isa = PBXContainerItemProxy;
			containerPortal = FA0000000000000000000002 /* SwiftUtilities.xcodeproj */;
			proxyType = 2;
			remoteGlobalIDString = 05C527822DD8E36300843626;
			remoteInfo = SwiftUtilities;
		};
		FA0000000000000000000006 /* PBXContainerItemProxy */ = {
			isa = PBXContainerItemProxy;
			containerPortal = FA0000000000000000000003 /* SwiftFITS.xcodeproj */;
			proxyType = 2;
			remoteGlobalIDString = 05C527822DD8E36300843626;
			remoteInfo = SwiftFITS;
		};
		05E974CB2FE921070078F616 /* PBXContainerItemProxy */ = {
			isa = PBXContainerItemProxy;
			containerPortal = 05E974B72FE921070078F616 /* Project object */;
			proxyType = 1;
			remoteGlobalIDString = 05E974BF2FE921070078F616;
			remoteInfo = SwiftAstro;
		};
/* End PBXContainerItemProxy section */

/* Begin PBXCopyFilesBuildPhase section */
		FA0000000000000000000013 /* Embed Frameworks */ = {
			isa = PBXCopyFilesBuildPhase;
			buildActionMask = 2147483647;
			dstPath = "";
			dstSubfolderSpec = 10;
			files = (
				FA000000000000000000000F /* SwiftPixel.framework in Embed Frameworks */,
				FA0000000000000000000010 /* SwiftUtilities.framework in Embed Frameworks */,
				FA0000000000000000000036 /* SwiftFITS.framework in Embed Frameworks */,
			);
			name = "Embed Frameworks";
			runOnlyForDeploymentPostprocessing = 0;
		};
/* End PBXCopyFilesBuildPhase section */

/* Begin PBXFileReference section */
		FA0000000000000000000001 /* SwiftPixel.xcodeproj */ = {isa = PBXFileReference; lastKnownFileType = "wrapper.pb-project"; name = SwiftPixel.xcodeproj; path = Submodules/SwiftPixel/SwiftPixel.xcodeproj; sourceTree = "<group>"; };
		FA0000000000000000000002 /* SwiftUtilities.xcodeproj */ = {isa = PBXFileReference; lastKnownFileType = "wrapper.pb-project"; name = SwiftUtilities.xcodeproj; path = "Submodules/SwiftPixel/Submodules/SwiftUtilities/SwiftUtilities.xcodeproj"; sourceTree = "<group>"; };
		FA0000000000000000000003 /* SwiftFITS.xcodeproj */ = {isa = PBXFileReference; lastKnownFileType = "wrapper.pb-project"; name = SwiftFITS.xcodeproj; path = Submodules/SwiftFITS/SwiftFITS.xcodeproj; sourceTree = "<group>"; };
		FA0000000000000000000014 /* 2025-03-02_21-20-31_G252_B1x1_O7_T-9.80_F_10.00s_0000_H3.69.fits */ = {isa = PBXFileReference; lastKnownFileType = file; path = "2025-03-02_21-20-31_G252_B1x1_O7_T-9.80_F_10.00s_0000_H3.69.fits"; sourceTree = "<group>"; };
		FA000000000000000000001B /* m35_40min_blue.fits */ = {isa = PBXFileReference; lastKnownFileType = file; path = m35_40min_blue.fits; sourceTree = "<group>"; };
		FA000000000000000000001F /* BayerGrayscaleConverter.swift */ = {isa = PBXFileReference; includeInIndex = 1; lastKnownFileType = sourcecode.swift; path = BayerGrayscaleConverter.swift; sourceTree = "<group>"; };
		FA0000000000000000000030 /* FITSImageDecoder.swift */ = {isa = PBXFileReference; includeInIndex = 1; lastKnownFileType = sourcecode.swift; path = FITSImageDecoder.swift; sourceTree = "<group>"; };
		FA0000000000000000000022 /* BayerGrayscaleConverterTests.swift */ = {isa = PBXFileReference; includeInIndex = 1; lastKnownFileType = sourcecode.swift; path = BayerGrayscaleConverterTests.swift; sourceTree = "<group>"; };
		FA0000000000000000000025 /* RealFrameValidationTests.swift */ = {isa = PBXFileReference; includeInIndex = 1; lastKnownFileType = sourcecode.swift; path = RealFrameValidationTests.swift; sourceTree = "<group>"; };
		FA0000000000000000000017 /* FITSTestImageTests.swift */ = {isa = PBXFileReference; includeInIndex = 1; lastKnownFileType = sourcecode.swift; path = FITSTestImageTests.swift; sourceTree = "<group>"; };
		FA0000000000000000000019 /* FITSTestImage.swift */ = {isa = PBXFileReference; includeInIndex = 1; lastKnownFileType = sourcecode.swift; path = FITSTestImage.swift; sourceTree = "<group>"; };
		05E974C02FE921070078F616 /* SwiftAstro.framework */ = {isa = PBXFileReference; explicitFileType = wrapper.framework; includeInIndex = 0; path = SwiftAstro.framework; sourceTree = BUILT_PRODUCTS_DIR; };
		05E974C92FE921070078F616 /* SwiftAstroTests.xctest */ = {isa = PBXFileReference; explicitFileType = wrapper.cfbundle; includeInIndex = 0; path = SwiftAstroTests.xctest; sourceTree = BUILT_PRODUCTS_DIR; };
		05E974DC2FE922850078F616 /* CODE_OF_CONDUCT.md */ = {isa = PBXFileReference; lastKnownFileType = net.daringfireball.markdown; path = CODE_OF_CONDUCT.md; sourceTree = "<group>"; };
		05E974DD2FE922850078F616 /* LICENSE */ = {isa = PBXFileReference; lastKnownFileType = text; path = LICENSE; sourceTree = "<group>"; };
		05E974DE2FE922850078F616 /* README.md */ = {isa = PBXFileReference; lastKnownFileType = net.daringfireball.markdown; path = README.md; sourceTree = "<group>"; };
		05E974DF2FE9229C0078F616 /* FUNDING.yml */ = {isa = PBXFileReference; lastKnownFileType = text.yaml; path = FUNDING.yml; sourceTree = "<group>"; };
		05E974E12FE9229C0078F616 /* C++.xcconfig */ = {isa = PBXFileReference; lastKnownFileType = text.xcconfig; path = "C++.xcconfig"; sourceTree = "<group>"; };
		05E974E22FE9229C0078F616 /* Modules.xcconfig */ = {isa = PBXFileReference; lastKnownFileType = text.xcconfig; path = Modules.xcconfig; sourceTree = "<group>"; };
		05E974E32FE9229C0078F616 /* Objective-C.xcconfig */ = {isa = PBXFileReference; lastKnownFileType = text.xcconfig; path = "Objective-C.xcconfig"; sourceTree = "<group>"; };
		05E974E52FE9229C0078F616 /* All-Languages.xcconfig */ = {isa = PBXFileReference; lastKnownFileType = text.xcconfig; path = "All-Languages.xcconfig"; sourceTree = "<group>"; };
		05E974E62FE9229C0078F616 /* C++.xcconfig */ = {isa = PBXFileReference; lastKnownFileType = text.xcconfig; path = "C++.xcconfig"; sourceTree = "<group>"; };
		05E974E72FE9229C0078F616 /* Objective-C.xcconfig */ = {isa = PBXFileReference; lastKnownFileType = text.xcconfig; path = "Objective-C.xcconfig"; sourceTree = "<group>"; };
		05E974E82FE9229C0078F616 /* Objective-C-ARC.xcconfig */ = {isa = PBXFileReference; lastKnownFileType = text.xcconfig; path = "Objective-C-ARC.xcconfig"; sourceTree = "<group>"; };
		05E974EA2FE9229C0078F616 /* Address-Sanitizer.xcconfig */ = {isa = PBXFileReference; lastKnownFileType = text.xcconfig; path = "Address-Sanitizer.xcconfig"; sourceTree = "<group>"; };
		05E974EB2FE9229C0078F616 /* Code-Generation.xcconfig */ = {isa = PBXFileReference; lastKnownFileType = text.xcconfig; path = "Code-Generation.xcconfig"; sourceTree = "<group>"; };
		05E974EC2FE9229C0078F616 /* Language.xcconfig */ = {isa = PBXFileReference; lastKnownFileType = text.xcconfig; path = Language.xcconfig; sourceTree = "<group>"; };
		05E974ED2FE9229C0078F616 /* Preprocessing.xcconfig */ = {isa = PBXFileReference; lastKnownFileType = text.xcconfig; path = Preprocessing.xcconfig; sourceTree = "<group>"; };
		05E974EE2FE9229C0078F616 /* Undefined-Behavior-Sanitizer.xcconfig */ = {isa = PBXFileReference; lastKnownFileType = text.xcconfig; path = "Undefined-Behavior-Sanitizer.xcconfig"; sourceTree = "<group>"; };
		05E974EF2FE9229C0078F616 /* Warning-Policies.xcconfig */ = {isa = PBXFileReference; lastKnownFileType = text.xcconfig; path = "Warning-Policies.xcconfig"; sourceTree = "<group>"; };
		05E974F02FE9229C0078F616 /* Warnings.xcconfig */ = {isa = PBXFileReference; lastKnownFileType = text.xcconfig; path = Warnings.xcconfig; sourceTree = "<group>"; };
		05E974F22FE9229C0078F616 /* Analysis-Policy.xcconfig */ = {isa = PBXFileReference; lastKnownFileType = text.xcconfig; path = "Analysis-Policy.xcconfig"; sourceTree = "<group>"; };
		05E974F32FE9229C0078F616 /* Apple-APIs.xcconfig */ = {isa = PBXFileReference; lastKnownFileType = text.xcconfig; path = "Apple-APIs.xcconfig"; sourceTree = "<group>"; };
		05E974F42FE9229C0078F616 /* Generic-Issues.xcconfig */ = {isa = PBXFileReference; lastKnownFileType = text.xcconfig; path = "Generic-Issues.xcconfig"; sourceTree = "<group>"; };
		05E974F52FE9229C0078F616 /* Objective-C.xcconfig */ = {isa = PBXFileReference; lastKnownFileType = text.xcconfig; path = "Objective-C.xcconfig"; sourceTree = "<group>"; };
		05E974F62FE9229C0078F616 /* Security.xcconfig */ = {isa = PBXFileReference; lastKnownFileType = text.xcconfig; path = Security.xcconfig; sourceTree = "<group>"; };
		05E974F82FE9229C0078F616 /* Issues.xcconfig */ = {isa = PBXFileReference; lastKnownFileType = text.xcconfig; path = Issues.xcconfig; sourceTree = "<group>"; };
		05E974FA2FE9229C0078F616 /* Code-Generation.xcconfig */ = {isa = PBXFileReference; lastKnownFileType = text.xcconfig; path = "Code-Generation.xcconfig"; sourceTree = "<group>"; };
		05E974FB2FE9229C0078F616 /* General.xcconfig */ = {isa = PBXFileReference; lastKnownFileType = text.xcconfig; path = General.xcconfig; sourceTree = "<group>"; };
		05E974FC2FE9229C0078F616 /* Language.xcconfig */ = {isa = PBXFileReference; lastKnownFileType = text.xcconfig; path = Language.xcconfig; sourceTree = "<group>"; };
		05E974FD2FE9229C0078F616 /* Warnings-Policies.xcconfig */ = {isa = PBXFileReference; lastKnownFileType = text.xcconfig; path = "Warnings-Policies.xcconfig"; sourceTree = "<group>"; };
		05E974FF2FE9229C0078F616 /* Apple-LLVM.xcconfig */ = {isa = PBXFileReference; lastKnownFileType = text.xcconfig; path = "Apple-LLVM.xcconfig"; sourceTree = "<group>"; };
		05E975002FE9229C0078F616 /* Architectures.xcconfig */ = {isa = PBXFileReference; lastKnownFileType = text.xcconfig; path = Architectures.xcconfig; sourceTree = "<group>"; };
		05E975012FE9229C0078F616 /* Build-Options.xcconfig */ = {isa = PBXFileReference; lastKnownFileType = text.xcconfig; path = "Build-Options.xcconfig"; sourceTree = "<group>"; };
		05E975022FE9229C0078F616 /* Deployment.xcconfig */ = {isa = PBXFileReference; lastKnownFileType = text.xcconfig; path = Deployment.xcconfig; sourceTree = "<group>"; };
		05E975032FE9229C0078F616 /* Search-Paths.xcconfig */ = {isa = PBXFileReference; lastKnownFileType = text.xcconfig; path = "Search-Paths.xcconfig"; sourceTree = "<group>"; };
		05E975042FE9229C0078F616 /* Signing.xcconfig */ = {isa = PBXFileReference; lastKnownFileType = text.xcconfig; path = Signing.xcconfig; sourceTree = "<group>"; };
		05E975052FE9229C0078F616 /* Static-Analyzer.xcconfig */ = {isa = PBXFileReference; lastKnownFileType = text.xcconfig; path = "Static-Analyzer.xcconfig"; sourceTree = "<group>"; };
		05E975062FE9229C0078F616 /* Swift-Compiler.xcconfig */ = {isa = PBXFileReference; lastKnownFileType = text.xcconfig; path = "Swift-Compiler.xcconfig"; sourceTree = "<group>"; };
		05E975082FE9229C0078F616 /* ccache.sh */ = {isa = PBXFileReference; lastKnownFileType = text.script.sh; path = ccache.sh; sourceTree = "<group>"; };
		05E975092FE9229C0078F616 /* ccache-config.sh */ = {isa = PBXFileReference; lastKnownFileType = text.script.sh; path = "ccache-config.sh"; sourceTree = "<group>"; };
		05E9750B2FE9229C0078F616 /* .gitignore */ = {isa = PBXFileReference; lastKnownFileType = text; path = .gitignore; sourceTree = "<group>"; };
		05E9750C2FE9229C0078F616 /* CODE_OF_CONDUCT.md */ = {isa = PBXFileReference; lastKnownFileType = net.daringfireball.markdown; path = CODE_OF_CONDUCT.md; sourceTree = "<group>"; };
		05E9750D2FE9229C0078F616 /* Common.xcconfig */ = {isa = PBXFileReference; lastKnownFileType = text.xcconfig; path = Common.xcconfig; sourceTree = "<group>"; };
		05E9750E2FE9229C0078F616 /* Debug.xcconfig */ = {isa = PBXFileReference; lastKnownFileType = text.xcconfig; path = Debug.xcconfig; sourceTree = "<group>"; };
		05E9750F2FE9229C0078F616 /* Debug - ccache.xcconfig */ = {isa = PBXFileReference; lastKnownFileType = text.xcconfig; path = "Debug - ccache.xcconfig"; sourceTree = "<group>"; };
		05E975102FE9229C0078F616 /* Debug - Library.xcconfig */ = {isa = PBXFileReference; lastKnownFileType = text.xcconfig; path = "Debug - Library.xcconfig"; sourceTree = "<group>"; };
		05E975112FE9229C0078F616 /* Debug - zld.xcconfig */ = {isa = PBXFileReference; lastKnownFileType = text.xcconfig; path = "Debug - zld.xcconfig"; sourceTree = "<group>"; };
		05E975122FE9229C0078F616 /* README.md */ = {isa = PBXFileReference; lastKnownFileType = net.daringfireball.markdown; path = README.md; sourceTree = "<group>"; };
		05E975132FE9229C0078F616 /* Release.xcconfig */ = {isa = PBXFileReference; lastKnownFileType = text.xcconfig; path = Release.xcconfig; sourceTree = "<group>"; };
		05E975142FE9229C0078F616 /* Release - ccache.xcconfig */ = {isa = PBXFileReference; lastKnownFileType = text.xcconfig; path = "Release - ccache.xcconfig"; sourceTree = "<group>"; };
		05E975152FE9229C0078F616 /* Release - Library.xcconfig */ = {isa = PBXFileReference; lastKnownFileType = text.xcconfig; path = "Release - Library.xcconfig"; sourceTree = "<group>"; };
		1605399E95C4DCA7D1F98ACE /* PSFStarDetectorTests.swift */ = {isa = PBXFileReference; includeInIndex = 1; lastKnownFileType = sourcecode.swift; path = PSFStarDetectorTests.swift; sourceTree = "<group>"; };
		228C6E42E5167F2887BAF666 /* MomentStarDetectorTests.swift */ = {isa = PBXFileReference; includeInIndex = 1; lastKnownFileType = sourcecode.swift; path = MomentStarDetectorTests.swift; sourceTree = "<group>"; };
		3BB7A519F56E3BAD1E4C4B43 /* ErrorTests.swift */ = {isa = PBXFileReference; includeInIndex = 1; lastKnownFileType = sourcecode.swift; path = ErrorTests.swift; sourceTree = "<group>"; };
		5C193831A7D605CC81691C7F /* PSFStarDetector.swift */ = {isa = PBXFileReference; includeInIndex = 1; lastKnownFileType = sourcecode.swift; path = PSFStarDetector.swift; sourceTree = "<group>"; };
		65743BE21FA6DF080957A92C /* StarDetecting.swift */ = {isa = PBXFileReference; includeInIndex = 1; lastKnownFileType = sourcecode.swift; path = StarDetecting.swift; sourceTree = "<group>"; };
		7B96C49E375EAF3E94A7C1FB /* Star.swift */ = {isa = PBXFileReference; includeInIndex = 1; lastKnownFileType = sourcecode.swift; path = Star.swift; sourceTree = "<group>"; };
		8326FC0C9068E5DF4FA1F8B3 /* Error.swift */ = {isa = PBXFileReference; includeInIndex = 1; lastKnownFileType = sourcecode.swift; path = Error.swift; sourceTree = "<group>"; };
		B2A67A0F33BB62B9BEA97A1F /* StarField.swift */ = {isa = PBXFileReference; includeInIndex = 1; lastKnownFileType = sourcecode.swift; path = StarField.swift; sourceTree = "<group>"; };
		B6381522374836B9D1795FED /* SyntheticStarField.swift */ = {isa = PBXFileReference; includeInIndex = 1; lastKnownFileType = sourcecode.swift; path = SyntheticStarField.swift; sourceTree = "<group>"; };
		C13643E128A2102A6EB107EE /* StarFieldTests.swift */ = {isa = PBXFileReference; includeInIndex = 1; lastKnownFileType = sourcecode.swift; path = StarFieldTests.swift; sourceTree = "<group>"; };
		C1E89567E9D164FFEBBDCF55 /* MomentStarDetector.swift */ = {isa = PBXFileReference; includeInIndex = 1; lastKnownFileType = sourcecode.swift; path = MomentStarDetector.swift; sourceTree = "<group>"; };
		E5F2F5C0469CC54EA64218FB /* Statistics.swift */ = {isa = PBXFileReference; includeInIndex = 1; lastKnownFileType = sourcecode.swift; path = Statistics.swift; sourceTree = "<group>"; };
		FDBDAE2572FCEB8B3C372D0F /* StatisticsTests.swift */ = {isa = PBXFileReference; includeInIndex = 1; lastKnownFileType = sourcecode.swift; path = StatisticsTests.swift; sourceTree = "<group>"; };
/* End PBXFileReference section */

/* Begin PBXFrameworksBuildPhase section */
		05E974BD2FE921070078F616 /* Frameworks */ = {
			isa = PBXFrameworksBuildPhase;
			buildActionMask = 2147483647;
			files = (
				FA000000000000000000000D /* SwiftPixel.framework in Frameworks */,
				FA000000000000000000000E /* SwiftUtilities.framework in Frameworks */,
				FA0000000000000000000035 /* SwiftFITS.framework in Frameworks */,
			);
			runOnlyForDeploymentPostprocessing = 0;
		};
		05E974C62FE921070078F616 /* Frameworks */ = {
			isa = PBXFrameworksBuildPhase;
			buildActionMask = 2147483647;
			files = (
				05E974CA2FE921070078F616 /* SwiftAstro.framework in Frameworks */,
				FA0000000000000000000011 /* SwiftFITS.framework in Frameworks */,
				FA0000000000000000000012 /* SwiftPixel.framework in Frameworks */,
			);
			runOnlyForDeploymentPostprocessing = 0;
		};
/* End PBXFrameworksBuildPhase section */

/* Begin PBXGroup section */
		05E974B62FE921070078F616 = {
			isa = PBXGroup;
			children = (
				05E974DE2FE922850078F616 /* README.md */,
				05E974DD2FE922850078F616 /* LICENSE */,
				05E974DC2FE922850078F616 /* CODE_OF_CONDUCT.md */,
				FA0000000000000000000001 /* SwiftPixel.xcodeproj */,
				FA0000000000000000000002 /* SwiftUtilities.xcodeproj */,
				FA0000000000000000000003 /* SwiftFITS.xcodeproj */,
				05E975162FE9229C0078F616 /* xcconfig */,
				FA000000000000000000001D /* Test Files */,
				05E975182FE922A40078F616 /* SwiftAstro */,
				05E9751B2FE922A70078F616 /* SwiftAstroTests */,
				05E974C12FE921070078F616 /* Products */,
			);
			sourceTree = "<group>";
		};
		05E974C12FE921070078F616 /* Products */ = {
			isa = PBXGroup;
			children = (
				05E974C02FE921070078F616 /* SwiftAstro.framework */,
				05E974C92FE921070078F616 /* SwiftAstroTests.xctest */,
			);
			name = Products;
			sourceTree = "<group>";
		};
		FA000000000000000000000A /* Products */ = {
			isa = PBXGroup;
			children = (
				FA0000000000000000000007 /* SwiftPixel.framework */,
			);
			name = Products;
			sourceTree = "<group>";
		};
		FA000000000000000000000B /* Products */ = {
			isa = PBXGroup;
			children = (
				FA0000000000000000000008 /* SwiftUtilities.framework */,
			);
			name = Products;
			sourceTree = "<group>";
		};
		FA000000000000000000000C /* Products */ = {
			isa = PBXGroup;
			children = (
				FA0000000000000000000009 /* SwiftFITS.framework */,
			);
			name = Products;
			sourceTree = "<group>";
		};
		FA000000000000000000001D /* Test Files */ = {
			isa = PBXGroup;
			children = (
				FA0000000000000000000014 /* 2025-03-02_21-20-31_G252_B1x1_O7_T-9.80_F_10.00s_0000_H3.69.fits */,
				FA000000000000000000001E /* ESA */,
			);
			name = "Test Files";
			path = "Test Files";
			sourceTree = "<group>";
		};
		FA000000000000000000001E /* ESA */ = {
			isa = PBXGroup;
			children = (
				FA000000000000000000001B /* m35_40min_blue.fits */,
			);
			path = ESA;
			sourceTree = "<group>";
		};
		05E974E02FE9229C0078F616 /* .github */ = {
			isa = PBXGroup;
			children = (
				05E974DF2FE9229C0078F616 /* FUNDING.yml */,
			);
			path = .github;
			sourceTree = "<group>";
		};
		05E974E42FE9229C0078F616 /* Language */ = {
			isa = PBXGroup;
			children = (
				05E974E12FE9229C0078F616 /* C++.xcconfig */,
				05E974E22FE9229C0078F616 /* Modules.xcconfig */,
				05E974E32FE9229C0078F616 /* Objective-C.xcconfig */,
			);
			path = Language;
			sourceTree = "<group>";
		};
		05E974E92FE9229C0078F616 /* Warnings */ = {
			isa = PBXGroup;
			children = (
				05E974E52FE9229C0078F616 /* All-Languages.xcconfig */,
				05E974E62FE9229C0078F616 /* C++.xcconfig */,
				05E974E72FE9229C0078F616 /* Objective-C.xcconfig */,
				05E974E82FE9229C0078F616 /* Objective-C-ARC.xcconfig */,
			);
			path = Warnings;
			sourceTree = "<group>";
		};
		05E974F12FE9229C0078F616 /* Apple-LLVM */ = {
			isa = PBXGroup;
			children = (
				05E974E42FE9229C0078F616 /* Language */,
				05E974E92FE9229C0078F616 /* Warnings */,
				05E974EA2FE9229C0078F616 /* Address-Sanitizer.xcconfig */,
				05E974EB2FE9229C0078F616 /* Code-Generation.xcconfig */,
				05E974EC2FE9229C0078F616 /* Language.xcconfig */,
				05E974ED2FE9229C0078F616 /* Preprocessing.xcconfig */,
				05E974EE2FE9229C0078F616 /* Undefined-Behavior-Sanitizer.xcconfig */,
				05E974EF2FE9229C0078F616 /* Warning-Policies.xcconfig */,
				05E974F02FE9229C0078F616 /* Warnings.xcconfig */,
			);
			path = "Apple-LLVM";
			sourceTree = "<group>";
		};
		05E974F72FE9229C0078F616 /* Issues */ = {
			isa = PBXGroup;
			children = (
				05E974F22FE9229C0078F616 /* Analysis-Policy.xcconfig */,
				05E974F32FE9229C0078F616 /* Apple-APIs.xcconfig */,
				05E974F42FE9229C0078F616 /* Generic-Issues.xcconfig */,
				05E974F52FE9229C0078F616 /* Objective-C.xcconfig */,
				05E974F62FE9229C0078F616 /* Security.xcconfig */,
			);
			path = Issues;
			sourceTree = "<group>";
		};
		05E974F92FE9229C0078F616 /* Static-Analyzer */ = {
			isa = PBXGroup;
			children = (
				05E974F72FE9229C0078F616 /* Issues */,
				05E974F82FE9229C0078F616 /* Issues.xcconfig */,
			);
			path = "Static-Analyzer";
			sourceTree = "<group>";
		};
		05E974FE2FE9229C0078F616 /* Swift-Compiler */ = {
			isa = PBXGroup;
			children = (
				05E974FA2FE9229C0078F616 /* Code-Generation.xcconfig */,
				05E974FB2FE9229C0078F616 /* General.xcconfig */,
				05E974FC2FE9229C0078F616 /* Language.xcconfig */,
				05E974FD2FE9229C0078F616 /* Warnings-Policies.xcconfig */,
			);
			path = "Swift-Compiler";
			sourceTree = "<group>";
		};
		05E975072FE9229C0078F616 /* Common */ = {
			isa = PBXGroup;
			children = (
				05E974F12FE9229C0078F616 /* Apple-LLVM */,
				05E974F92FE9229C0078F616 /* Static-Analyzer */,
				05E974FE2FE9229C0078F616 /* Swift-Compiler */,
				05E974FF2FE9229C0078F616 /* Apple-LLVM.xcconfig */,
				05E975002FE9229C0078F616 /* Architectures.xcconfig */,
				05E975012FE9229C0078F616 /* Build-Options.xcconfig */,
				05E975022FE9229C0078F616 /* Deployment.xcconfig */,
				05E975032FE9229C0078F616 /* Search-Paths.xcconfig */,
				05E975042FE9229C0078F616 /* Signing.xcconfig */,
				05E975052FE9229C0078F616 /* Static-Analyzer.xcconfig */,
				05E975062FE9229C0078F616 /* Swift-Compiler.xcconfig */,
			);
			path = Common;
			sourceTree = "<group>";
		};
		05E9750A2FE9229C0078F616 /* Scripts */ = {
			isa = PBXGroup;
			children = (
				05E975082FE9229C0078F616 /* ccache.sh */,
				05E975092FE9229C0078F616 /* ccache-config.sh */,
			);
			path = Scripts;
			sourceTree = "<group>";
		};
		05E975162FE9229C0078F616 /* xcconfig */ = {
			isa = PBXGroup;
			children = (
				05E974E02FE9229C0078F616 /* .github */,
				05E975072FE9229C0078F616 /* Common */,
				05E9750A2FE9229C0078F616 /* Scripts */,
				05E9750B2FE9229C0078F616 /* .gitignore */,
				05E9750C2FE9229C0078F616 /* CODE_OF_CONDUCT.md */,
				05E9750D2FE9229C0078F616 /* Common.xcconfig */,
				05E9750E2FE9229C0078F616 /* Debug.xcconfig */,
				05E9750F2FE9229C0078F616 /* Debug - ccache.xcconfig */,
				05E975102FE9229C0078F616 /* Debug - Library.xcconfig */,
				05E975112FE9229C0078F616 /* Debug - zld.xcconfig */,
				05E975122FE9229C0078F616 /* README.md */,
				05E975132FE9229C0078F616 /* Release.xcconfig */,
				05E975142FE9229C0078F616 /* Release - ccache.xcconfig */,
				05E975152FE9229C0078F616 /* Release - Library.xcconfig */,
			);
			name = xcconfig;
			path = Submodules/xcconfig;
			sourceTree = "<group>";
		};
		05E975182FE922A40078F616 /* SwiftAstro */ = {
			isa = PBXGroup;
			children = (
				E5EA97BD4450104EFFA59513 /* Core */,
				FA0000000000000000000021 /* Preprocessing */,
				783AF3F17116ED615E77BD9D /* StarDetection */,
			);
			path = SwiftAstro;
			sourceTree = "<group>";
		};
		FA0000000000000000000021 /* Preprocessing */ = {
			isa = PBXGroup;
			children = (
				FA000000000000000000001F /* BayerGrayscaleConverter.swift */,
				FA0000000000000000000030 /* FITSImageDecoder.swift */,
			);
			path = Preprocessing;
			sourceTree = "<group>";
		};
		05E9751B2FE922A70078F616 /* SwiftAstroTests */ = {
			isa = PBXGroup;
			children = (
				CC796503547039EF9E719220 /* Core */,
				FA0000000000000000000024 /* Preprocessing */,
				FB1F7ED7BB6A393DC8097F16 /* StarDetection */,
				F724744C8D0BDAFB5FFFD498 /* Helpers */,
			);
			path = SwiftAstroTests;
			sourceTree = "<group>";
		};
		FA0000000000000000000024 /* Preprocessing */ = {
			isa = PBXGroup;
			children = (
				FA0000000000000000000022 /* BayerGrayscaleConverterTests.swift */,
			);
			path = Preprocessing;
			sourceTree = "<group>";
		};
		783AF3F17116ED615E77BD9D /* StarDetection */ = {
			isa = PBXGroup;
			children = (
				7B96C49E375EAF3E94A7C1FB /* Star.swift */,
				B2A67A0F33BB62B9BEA97A1F /* StarField.swift */,
				65743BE21FA6DF080957A92C /* StarDetecting.swift */,
				C1E89567E9D164FFEBBDCF55 /* MomentStarDetector.swift */,
				5C193831A7D605CC81691C7F /* PSFStarDetector.swift */,
			);
			name = StarDetection;
			path = StarDetection;
			sourceTree = "<group>";
		};
		CC796503547039EF9E719220 /* Core */ = {
			isa = PBXGroup;
			children = (
				3BB7A519F56E3BAD1E4C4B43 /* ErrorTests.swift */,
				FDBDAE2572FCEB8B3C372D0F /* StatisticsTests.swift */,
			);
			name = Core;
			path = Core;
			sourceTree = "<group>";
		};
		E5EA97BD4450104EFFA59513 /* Core */ = {
			isa = PBXGroup;
			children = (
				8326FC0C9068E5DF4FA1F8B3 /* Error.swift */,
				E5F2F5C0469CC54EA64218FB /* Statistics.swift */,
			);
			name = Core;
			path = Core;
			sourceTree = "<group>";
		};
		F724744C8D0BDAFB5FFFD498 /* Helpers */ = {
			isa = PBXGroup;
			children = (
				B6381522374836B9D1795FED /* SyntheticStarField.swift */,
				FA0000000000000000000019 /* FITSTestImage.swift */,
				FA0000000000000000000017 /* FITSTestImageTests.swift */,
			);
			name = Helpers;
			path = Helpers;
			sourceTree = "<group>";
		};
		FB1F7ED7BB6A393DC8097F16 /* StarDetection */ = {
			isa = PBXGroup;
			children = (
				C13643E128A2102A6EB107EE /* StarFieldTests.swift */,
				228C6E42E5167F2887BAF666 /* MomentStarDetectorTests.swift */,
				1605399E95C4DCA7D1F98ACE /* PSFStarDetectorTests.swift */,
				FA0000000000000000000025 /* RealFrameValidationTests.swift */,
			);
			name = StarDetection;
			path = StarDetection;
			sourceTree = "<group>";
		};
/* End PBXGroup section */

/* Begin PBXHeadersBuildPhase section */
		05E974BB2FE921070078F616 /* Headers */ = {
			isa = PBXHeadersBuildPhase;
			buildActionMask = 2147483647;
			files = (
			);
			runOnlyForDeploymentPostprocessing = 0;
		};
/* End PBXHeadersBuildPhase section */

/* Begin PBXNativeTarget section */
		05E974BF2FE921070078F616 /* SwiftAstro */ = {
			isa = PBXNativeTarget;
			buildConfigurationList = 05E974D22FE921070078F616 /* Build configuration list for PBXNativeTarget "SwiftAstro" */;
			buildPhases = (
				05E974BB2FE921070078F616 /* Headers */,
				05E974BC2FE921070078F616 /* Sources */,
				05E974BD2FE921070078F616 /* Frameworks */,
				05E974BE2FE921070078F616 /* Resources */,
				FA0000000000000000000013 /* Embed Frameworks */,
			);
			buildRules = (
			);
			dependencies = (
			);
			name = SwiftAstro;
			productName = SwiftAstro;
			productReference = 05E974C02FE921070078F616 /* SwiftAstro.framework */;
			productType = "com.apple.product-type.framework";
		};
		05E974C82FE921070078F616 /* SwiftAstroTests */ = {
			isa = PBXNativeTarget;
			buildConfigurationList = 05E974D52FE921070078F616 /* Build configuration list for PBXNativeTarget "SwiftAstroTests" */;
			buildPhases = (
				05E974C52FE921070078F616 /* Sources */,
				05E974C62FE921070078F616 /* Frameworks */,
				05E974C72FE921070078F616 /* Resources */,
			);
			buildRules = (
			);
			dependencies = (
				05E974CC2FE921070078F616 /* PBXTargetDependency */,
			);
			name = SwiftAstroTests;
			productName = SwiftAstroTests;
			productReference = 05E974C92FE921070078F616 /* SwiftAstroTests.xctest */;
			productType = "com.apple.product-type.bundle.unit-test";
		};
/* End PBXNativeTarget section */

/* Begin PBXProject section */
		05E974B72FE921070078F616 /* Project object */ = {
			isa = PBXProject;
			attributes = {
				BuildIndependentTargetsInParallel = 1;
				LastSwiftUpdateCheck = 2630;
				LastUpgradeCheck = 2630;
				TargetAttributes = {
					05E974BF2FE921070078F616 = {
						CreatedOnToolsVersion = 26.3;
					};
					05E974C82FE921070078F616 = {
						CreatedOnToolsVersion = 26.3;
					};
				};
			};
			buildConfigurationList = 05E974BA2FE921070078F616 /* Build configuration list for PBXProject "SwiftAstro" */;
			developmentRegion = en;
			hasScannedForEncodings = 0;
			knownRegions = (
				en,
				Base,
			);
			mainGroup = 05E974B62FE921070078F616;
			minimizedProjectReferenceProxies = 1;
			preferredProjectObjectVersion = 77;
			productRefGroup = 05E974C12FE921070078F616 /* Products */;
			projectDirPath = "";
			projectReferences = (
				{
					ProductGroup = FA000000000000000000000A /* Products */;
					ProjectRef = FA0000000000000000000001 /* SwiftPixel.xcodeproj */;
				},
				{
					ProductGroup = FA000000000000000000000B /* Products */;
					ProjectRef = FA0000000000000000000002 /* SwiftUtilities.xcodeproj */;
				},
				{
					ProductGroup = FA000000000000000000000C /* Products */;
					ProjectRef = FA0000000000000000000003 /* SwiftFITS.xcodeproj */;
				},
			);
			projectRoot = "";
			targets = (
				05E974BF2FE921070078F616 /* SwiftAstro */,
				05E974C82FE921070078F616 /* SwiftAstroTests */,
			);
		};
/* End PBXProject section */

/* Begin PBXReferenceProxy section */
		FA0000000000000000000007 /* SwiftPixel.framework */ = {
			isa = PBXReferenceProxy;
			fileType = wrapper.framework;
			path = SwiftPixel.framework;
			remoteRef = FA0000000000000000000004 /* PBXContainerItemProxy */;
			sourceTree = BUILT_PRODUCTS_DIR;
		};
		FA0000000000000000000008 /* SwiftUtilities.framework */ = {
			isa = PBXReferenceProxy;
			fileType = wrapper.framework;
			path = SwiftUtilities.framework;
			remoteRef = FA0000000000000000000005 /* PBXContainerItemProxy */;
			sourceTree = BUILT_PRODUCTS_DIR;
		};
		FA0000000000000000000009 /* SwiftFITS.framework */ = {
			isa = PBXReferenceProxy;
			fileType = wrapper.framework;
			path = SwiftFITS.framework;
			remoteRef = FA0000000000000000000006 /* PBXContainerItemProxy */;
			sourceTree = BUILT_PRODUCTS_DIR;
		};
/* End PBXReferenceProxy section */

/* Begin PBXResourcesBuildPhase section */
		05E974BE2FE921070078F616 /* Resources */ = {
			isa = PBXResourcesBuildPhase;
			buildActionMask = 2147483647;
			files = (
			);
			runOnlyForDeploymentPostprocessing = 0;
		};
		05E974C72FE921070078F616 /* Resources */ = {
			isa = PBXResourcesBuildPhase;
			buildActionMask = 2147483647;
			files = (
				FA0000000000000000000016 /* 2025-03-02_21-20-31_G252_B1x1_O7_T-9.80_F_10.00s_0000_H3.69.fits in Resources */,
				FA000000000000000000001C /* m35_40min_blue.fits in Resources */,
			);
			runOnlyForDeploymentPostprocessing = 0;
		};
/* End PBXResourcesBuildPhase section */

/* Begin PBXSourcesBuildPhase section */
		05E974BC2FE921070078F616 /* Sources */ = {
			isa = PBXSourcesBuildPhase;
			buildActionMask = 2147483647;
			files = (
				A20000BA03275C3C3A09B6A6 /* Error.swift in Sources */,
				97A53164B9AC46B2F79C2BFF /* Star.swift in Sources */,
				DEFF42CB10493A2ADDEE7A2A /* StarField.swift in Sources */,
				954CE790A4B63D459117E5E3 /* StarDetecting.swift in Sources */,
				B7ECAB765F147AC7921DF75C /* MomentStarDetector.swift in Sources */,
				FA0000000000000000000020 /* BayerGrayscaleConverter.swift in Sources */,
				FA0000000000000000000031 /* FITSImageDecoder.swift in Sources */,
				8712B4AE5A19BFD595D5F04D /* PSFStarDetector.swift in Sources */,
				1DF56742B23667B3BEAF13DD /* Statistics.swift in Sources */,
			);
			runOnlyForDeploymentPostprocessing = 0;
		};
		05E974C52FE921070078F616 /* Sources */ = {
			isa = PBXSourcesBuildPhase;
			buildActionMask = 2147483647;
			files = (
				FA161376C312A18994FE2710 /* StarFieldTests.swift in Sources */,
				FA0000000000000000000018 /* FITSTestImageTests.swift in Sources */,
				FA000000000000000000001A /* FITSTestImage.swift in Sources */,
				FA0000000000000000000023 /* BayerGrayscaleConverterTests.swift in Sources */,
				CF833BB9FEF55B932183FE19 /* MomentStarDetectorTests.swift in Sources */,
				FA0000000000000000000026 /* RealFrameValidationTests.swift in Sources */,
				DFDBCD03B303981BB42E2ABD /* PSFStarDetectorTests.swift in Sources */,
				7C438F7DED2E13527A24B0BE /* SyntheticStarField.swift in Sources */,
				87D9441BEB62F18501820C7F /* ErrorTests.swift in Sources */,
				100D436DAB1A62BB82103D10 /* StatisticsTests.swift in Sources */,
			);
			runOnlyForDeploymentPostprocessing = 0;
		};
/* End PBXSourcesBuildPhase section */

/* Begin PBXTargetDependency section */
		05E974CC2FE921070078F616 /* PBXTargetDependency */ = {
			isa = PBXTargetDependency;
			target = 05E974BF2FE921070078F616 /* SwiftAstro */;
			targetProxy = 05E974CB2FE921070078F616 /* PBXContainerItemProxy */;
		};
/* End PBXTargetDependency section */

/* Begin XCBuildConfiguration section */
		05E974D02FE921070078F616 /* Debug */ = {
			isa = XCBuildConfiguration;
			baseConfigurationReference = 05E975102FE9229C0078F616 /* Debug - Library.xcconfig */;
			buildSettings = {
				CURRENT_PROJECT_VERSION = 1;
				LOCALIZATION_PREFERS_STRING_CATALOGS = YES;
				MACOSX_DEPLOYMENT_TARGET = 15.0;
				MARKETING_VERSION = 1.0.0;
				SWIFT_VERSION = 6.0;
				VERSIONING_SYSTEM = "apple-generic";
			};
			name = Debug;
		};
		05E974D12FE921070078F616 /* Release */ = {
			isa = XCBuildConfiguration;
			baseConfigurationReference = 05E975152FE9229C0078F616 /* Release - Library.xcconfig */;
			buildSettings = {
				CURRENT_PROJECT_VERSION = 1;
				LOCALIZATION_PREFERS_STRING_CATALOGS = YES;
				MACOSX_DEPLOYMENT_TARGET = 15.0;
				MARKETING_VERSION = 1.0.0;
				SWIFT_VERSION = 6.0;
				VERSIONING_SYSTEM = "apple-generic";
			};
			name = Release;
		};
		05E974D32FE921070078F616 /* Debug */ = {
			isa = XCBuildConfiguration;
			buildSettings = {
				DYLIB_COMPATIBILITY_VERSION = 1;
				DYLIB_CURRENT_VERSION = 1;
				DYLIB_INSTALL_NAME_BASE = "@rpath";
				GENERATE_INFOPLIST_FILE = YES;
				INFOPLIST_KEY_NSHumanReadableCopyright = "Copyright © 2025 XS-Labs. All rights reserved.";
				LD_RUNPATH_SEARCH_PATHS = (
					"$(inherited)",
					"@executable_path/../Frameworks",
					"@loader_path/Frameworks",
				);
				PRODUCT_BUNDLE_IDENTIFIER = "com.xs-labs.SwiftAstro";
				PRODUCT_NAME = "$(TARGET_NAME:c99extidentifier)";
			};
			name = Debug;
		};
		05E974D42FE921070078F616 /* Release */ = {
			isa = XCBuildConfiguration;
			buildSettings = {
				DYLIB_COMPATIBILITY_VERSION = 1;
				DYLIB_CURRENT_VERSION = 1;
				DYLIB_INSTALL_NAME_BASE = "@rpath";
				GENERATE_INFOPLIST_FILE = YES;
				INFOPLIST_KEY_NSHumanReadableCopyright = "Copyright © 2025 XS-Labs. All rights reserved.";
				LD_RUNPATH_SEARCH_PATHS = (
					"$(inherited)",
					"@executable_path/../Frameworks",
					"@loader_path/Frameworks",
				);
				PRODUCT_BUNDLE_IDENTIFIER = "com.xs-labs.SwiftAstro";
				PRODUCT_NAME = "$(TARGET_NAME:c99extidentifier)";
			};
			name = Release;
		};
		05E974D62FE921070078F616 /* Debug */ = {
			isa = XCBuildConfiguration;
			buildSettings = {
				GENERATE_INFOPLIST_FILE = YES;
				PRODUCT_BUNDLE_IDENTIFIER = "com.xs-labs.SwiftAstroTests";
				PRODUCT_NAME = "$(TARGET_NAME)";
			};
			name = Debug;
		};
		05E974D72FE921070078F616 /* Release */ = {
			isa = XCBuildConfiguration;
			buildSettings = {
				GENERATE_INFOPLIST_FILE = YES;
				PRODUCT_BUNDLE_IDENTIFIER = "com.xs-labs.SwiftAstroTests";
				PRODUCT_NAME = "$(TARGET_NAME)";
			};
			name = Release;
		};
/* End XCBuildConfiguration section */

/* Begin XCConfigurationList section */
		05E974BA2FE921070078F616 /* Build configuration list for PBXProject "SwiftAstro" */ = {
			isa = XCConfigurationList;
			buildConfigurations = (
				05E974D02FE921070078F616 /* Debug */,
				05E974D12FE921070078F616 /* Release */,
			);
			defaultConfigurationIsVisible = 0;
			defaultConfigurationName = Release;
		};
		05E974D22FE921070078F616 /* Build configuration list for PBXNativeTarget "SwiftAstro" */ = {
			isa = XCConfigurationList;
			buildConfigurations = (
				05E974D32FE921070078F616 /* Debug */,
				05E974D42FE921070078F616 /* Release */,
			);
			defaultConfigurationIsVisible = 0;
			defaultConfigurationName = Release;
		};
		05E974D52FE921070078F616 /* Build configuration list for PBXNativeTarget "SwiftAstroTests" */ = {
			isa = XCConfigurationList;
			buildConfigurations = (
				05E974D62FE921070078F616 /* Debug */,
				05E974D72FE921070078F616 /* Release */,
			);
			defaultConfigurationIsVisible = 0;
			defaultConfigurationName = Release;
		};
/* End XCConfigurationList section */
	};
	rootObject = 05E974B72FE921070078F616 /* Project object */;
}
